// !$*UTF8*$!
{
	archiveVersion = 1;
	classes = {
	};
	objectVersion = 51;
	objects = {

/* Begin PBXBuildFile section */
		661EB35A8BAB4E466D0B5004 /* Pods_dcinside_iOS_dcinside_iOSUITests.framework in Frameworks */ = {isa = PBXBuildFile; fileRef = 8B3789E2BBFE5F2D389D38DF /* Pods_dcinside_iOS_dcinside_iOSUITests.framework */; };
		6B0E9DC727524CCF00B0E946 /* AppDelegate.swift in Sources */ = {isa = PBXBuildFile; fileRef = 6B0E9DC627524CCF00B0E946 /* AppDelegate.swift */; };
		6B0E9DC927524CCF00B0E946 /* SceneDelegate.swift in Sources */ = {isa = PBXBuildFile; fileRef = 6B0E9DC827524CCF00B0E946 /* SceneDelegate.swift */; };
		6B0E9DCB27524CCF00B0E946 /* ViewController.swift in Sources */ = {isa = PBXBuildFile; fileRef = 6B0E9DCA27524CCF00B0E946 /* ViewController.swift */; };
		6B0E9DCE27524CCF00B0E946 /* Main.storyboard in Resources */ = {isa = PBXBuildFile; fileRef = 6B0E9DCC27524CCF00B0E946 /* Main.storyboard */; };
		6B0E9DD127524CCF00B0E946 /* dcinside_iOS.xcdatamodeld in Sources */ = {isa = PBXBuildFile; fileRef = 6B0E9DCF27524CCF00B0E946 /* dcinside_iOS.xcdatamodeld */; };
		6B0E9DD327524CD000B0E946 /* Assets.xcassets in Resources */ = {isa = PBXBuildFile; fileRef = 6B0E9DD227524CD000B0E946 /* Assets.xcassets */; };
		6B0E9DD627524CD000B0E946 /* LaunchScreen.storyboard in Resources */ = {isa = PBXBuildFile; fileRef = 6B0E9DD427524CD000B0E946 /* LaunchScreen.storyboard */; };
		6B0E9DE127524CD000B0E946 /* dcinside_iOSTests.swift in Sources */ = {isa = PBXBuildFile; fileRef = 6B0E9DE027524CD000B0E946 /* dcinside_iOSTests.swift */; };
		6B0E9DEC27524CD000B0E946 /* dcinside_iOSUITests.swift in Sources */ = {isa = PBXBuildFile; fileRef = 6B0E9DEB27524CD000B0E946 /* dcinside_iOSUITests.swift */; };
		7216E8AC27658A9B00A2A976 /* MainViewTableViewCell.swift in Sources */ = {isa = PBXBuildFile; fileRef = 7216E8AB27658A9B00A2A976 /* MainViewTableViewCell.swift */; };
		723830B52758BB0D006B0F49 /* SignUpViewController.swift in Sources */ = {isa = PBXBuildFile; fileRef = 723830B42758BB0D006B0F49 /* SignUpViewController.swift */; };
		723830BA2758DB90006B0F49 /* Role.swift in Sources */ = {isa = PBXBuildFile; fileRef = 723830B92758DB90006B0F49 /* Role.swift */; };
		723830BC2758DBB1006B0F49 /* User.swift in Sources */ = {isa = PBXBuildFile; fileRef = 723830BB2758DBB1006B0F49 /* User.swift */; };
		723830BF275A2B97006B0F49 /* APIService.swift in Sources */ = {isa = PBXBuildFile; fileRef = 723830BE275A2B97006B0F49 /* APIService.swift */; };
		725FCD3F275B66850077C59D /* Login.swift in Sources */ = {isa = PBXBuildFile; fileRef = 725FCD3E275B66850077C59D /* Login.swift */; };
		725FCD42275B767D0077C59D /* CustomSideMenuNavigation.swift in Sources */ = {isa = PBXBuildFile; fileRef = 725FCD41275B767D0077C59D /* CustomSideMenuNavigation.swift */; };
		725FCD44275B76B60077C59D /* SideMenuControllerViewController.swift in Sources */ = {isa = PBXBuildFile; fileRef = 725FCD43275B76B60077C59D /* SideMenuControllerViewController.swift */; };
		725FCD46275BA5CE0077C59D /* TableViewCell.swift in Sources */ = {isa = PBXBuildFile; fileRef = 725FCD45275BA5CE0077C59D /* TableViewCell.swift */; };
		725FCD48275BD0C40077C59D /* Post.swift in Sources */ = {isa = PBXBuildFile; fileRef = 725FCD47275BD0C40077C59D /* Post.swift */; };
		726EA7AD275A534500EB2D83 /* KeyChain.swift in Sources */ = {isa = PBXBuildFile; fileRef = 726EA7AC275A534500EB2D83 /* KeyChain.swift */; };
		726EA7AF275A7C7800EB2D83 /* MainViewController.swift in Sources */ = {isa = PBXBuildFile; fileRef = 726EA7AE275A7C7800EB2D83 /* MainViewController.swift */; };
		726EA7B1275A7C9500EB2D83 /* GalleryListViewController.swift in Sources */ = {isa = PBXBuildFile; fileRef = 726EA7B0275A7C9500EB2D83 /* GalleryListViewController.swift */; };
		726EA7B3275A7C9D00EB2D83 /* MakePostViewController.swift in Sources */ = {isa = PBXBuildFile; fileRef = 726EA7B2275A7C9D00EB2D83 /* MakePostViewController.swift */; };
		7B64A88F276F38C40038305A /* NoticeNavigationViewController.swift in Sources */ = {isa = PBXBuildFile; fileRef = 7B64A88E276F38C40038305A /* NoticeNavigationViewController.swift */; };
		7B64A893276F395A0038305A /* SubTabBarViewController.swift in Sources */ = {isa = PBXBuildFile; fileRef = 7B64A892276F395A0038305A /* SubTabBarViewController.swift */; };
		7B64A895276F77010038305A /* TokenInfo.swift in Sources */ = {isa = PBXBuildFile; fileRef = 7B64A894276F77010038305A /* TokenInfo.swift */; };
		7B64A8972770C7270038305A /* PostViewController.swift in Sources */ = {isa = PBXBuildFile; fileRef = 7B64A8962770C7270038305A /* PostViewController.swift */; };
		7B64A8992770C7840038305A /* PostNaviViewController.swift in Sources */ = {isa = PBXBuildFile; fileRef = 7B64A8982770C7840038305A /* PostNaviViewController.swift */; };
		7B64A89F277345810038305A /* ErrInfo.swift in Sources */ = {isa = PBXBuildFile; fileRef = 7B64A89E277345810038305A /* ErrInfo.swift */; };
		7BCE4B4A2768D904008C07A5 /* GalleryViewController.swift in Sources */ = {isa = PBXBuildFile; fileRef = 7BCE4B492768D904008C07A5 /* GalleryViewController.swift */; };
		7BCE4B90276B5DA5008C07A5 /* MainTabBarViewController.swift in Sources */ = {isa = PBXBuildFile; fileRef = 7BCE4B8F276B5DA5008C07A5 /* MainTabBarViewController.swift */; };
		7BCE4B92276B641C008C07A5 /* NoticeViewController.swift in Sources */ = {isa = PBXBuildFile; fileRef = 7BCE4B91276B641C008C07A5 /* NoticeViewController.swift */; };
		7BCE4B94276B7F3C008C07A5 /* SearchViewController.swift in Sources */ = {isa = PBXBuildFile; fileRef = 7BCE4B93276B7F3C008C07A5 /* SearchViewController.swift */; };
		FCB0A5A54025DB78944510EC /* Pods_dcinside_iOS.framework in Frameworks */ = {isa = PBXBuildFile; fileRef = AE1158103951A4FB7AA43372 /* Pods_dcinside_iOS.framework */; };
		FCFF292416A684B208A02B01 /* Pods_dcinside_iOSTests.framework in Frameworks */ = {isa = PBXBuildFile; fileRef = C9D7B19436E0E14A4F524FA8 /* Pods_dcinside_iOSTests.framework */; };
/* End PBXBuildFile section */

/* Begin PBXContainerItemProxy section */
		6B0E9DDD27524CD000B0E946 /* PBXContainerItemProxy */ = {
			isa = PBXContainerItemProxy;
			containerPortal = 6B0E9DBB27524CCF00B0E946 /* Project object */;
			proxyType = 1;
			remoteGlobalIDString = 6B0E9DC227524CCF00B0E946;
			remoteInfo = dcinside_iOS;
		};
		6B0E9DE827524CD000B0E946 /* PBXContainerItemProxy */ = {
			isa = PBXContainerItemProxy;
			containerPortal = 6B0E9DBB27524CCF00B0E946 /* Project object */;
			proxyType = 1;
			remoteGlobalIDString = 6B0E9DC227524CCF00B0E946;
			remoteInfo = dcinside_iOS;
		};
/* End PBXContainerItemProxy section */

/* Begin PBXFileReference section */
		07F4818E22AEF5FCB59D8639 /* Pods-dcinside_iOSTests.debug.xcconfig */ = {isa = PBXFileReference; includeInIndex = 1; lastKnownFileType = text.xcconfig; name = "Pods-dcinside_iOSTests.debug.xcconfig"; path = "Target Support Files/Pods-dcinside_iOSTests/Pods-dcinside_iOSTests.debug.xcconfig"; sourceTree = "<group>"; };
		0E28A9C3B3BF8B539BA6D984 /* Pods-dcinside_iOS-dcinside_iOSUITests.debug.xcconfig */ = {isa = PBXFileReference; includeInIndex = 1; lastKnownFileType = text.xcconfig; name = "Pods-dcinside_iOS-dcinside_iOSUITests.debug.xcconfig"; path = "Target Support Files/Pods-dcinside_iOS-dcinside_iOSUITests/Pods-dcinside_iOS-dcinside_iOSUITests.debug.xcconfig"; sourceTree = "<group>"; };
		1A822C4E8095734F995873E8 /* Pods-dcinside_iOS.release.xcconfig */ = {isa = PBXFileReference; includeInIndex = 1; lastKnownFileType = text.xcconfig; name = "Pods-dcinside_iOS.release.xcconfig"; path = "Target Support Files/Pods-dcinside_iOS/Pods-dcinside_iOS.release.xcconfig"; sourceTree = "<group>"; };
		458736BEB885EBB424908E8F /* Pods-dcinside_iOS.debug.xcconfig */ = {isa = PBXFileReference; includeInIndex = 1; lastKnownFileType = text.xcconfig; name = "Pods-dcinside_iOS.debug.xcconfig"; path = "Target Support Files/Pods-dcinside_iOS/Pods-dcinside_iOS.debug.xcconfig"; sourceTree = "<group>"; };
		464B12AA14FBC1D9C6367484 /* Pods-dcinside_iOSTests.release.xcconfig */ = {isa = PBXFileReference; includeInIndex = 1; lastKnownFileType = text.xcconfig; name = "Pods-dcinside_iOSTests.release.xcconfig"; path = "Target Support Files/Pods-dcinside_iOSTests/Pods-dcinside_iOSTests.release.xcconfig"; sourceTree = "<group>"; };
		6B0E9DC327524CCF00B0E946 /* dcinside_iOS.app */ = {isa = PBXFileReference; explicitFileType = wrapper.application; includeInIndex = 0; path = dcinside_iOS.app; sourceTree = BUILT_PRODUCTS_DIR; };
		6B0E9DC627524CCF00B0E946 /* AppDelegate.swift */ = {isa = PBXFileReference; lastKnownFileType = sourcecode.swift; path = AppDelegate.swift; sourceTree = "<group>"; };
		6B0E9DC827524CCF00B0E946 /* SceneDelegate.swift */ = {isa = PBXFileReference; lastKnownFileType = sourcecode.swift; path = SceneDelegate.swift; sourceTree = "<group>"; };
		6B0E9DCA27524CCF00B0E946 /* ViewController.swift */ = {isa = PBXFileReference; lastKnownFileType = sourcecode.swift; path = ViewController.swift; sourceTree = "<group>"; };
		6B0E9DCD27524CCF00B0E946 /* Base */ = {isa = PBXFileReference; lastKnownFileType = file.storyboard; name = Base; path = Base.lproj/Main.storyboard; sourceTree = "<group>"; };
		6B0E9DD027524CCF00B0E946 /* dcinside_iOS.xcdatamodel */ = {isa = PBXFileReference; lastKnownFileType = wrapper.xcdatamodel; path = dcinside_iOS.xcdatamodel; sourceTree = "<group>"; };
		6B0E9DD227524CD000B0E946 /* Assets.xcassets */ = {isa = PBXFileReference; lastKnownFileType = folder.assetcatalog; path = Assets.xcassets; sourceTree = "<group>"; };
		6B0E9DD527524CD000B0E946 /* Base */ = {isa = PBXFileReference; lastKnownFileType = file.storyboard; name = Base; path = Base.lproj/LaunchScreen.storyboard; sourceTree = "<group>"; };
		6B0E9DD727524CD000B0E946 /* Info.plist */ = {isa = PBXFileReference; lastKnownFileType = text.plist.xml; path = Info.plist; sourceTree = "<group>"; };
		6B0E9DDC27524CD000B0E946 /* dcinside_iOSTests.xctest */ = {isa = PBXFileReference; explicitFileType = wrapper.cfbundle; includeInIndex = 0; path = dcinside_iOSTests.xctest; sourceTree = BUILT_PRODUCTS_DIR; };
		6B0E9DE027524CD000B0E946 /* dcinside_iOSTests.swift */ = {isa = PBXFileReference; lastKnownFileType = sourcecode.swift; path = dcinside_iOSTests.swift; sourceTree = "<group>"; };
		6B0E9DE227524CD000B0E946 /* Info.plist */ = {isa = PBXFileReference; lastKnownFileType = text.plist.xml; path = Info.plist; sourceTree = "<group>"; };
		6B0E9DE727524CD000B0E946 /* dcinside_iOSUITests.xctest */ = {isa = PBXFileReference; explicitFileType = wrapper.cfbundle; includeInIndex = 0; path = dcinside_iOSUITests.xctest; sourceTree = BUILT_PRODUCTS_DIR; };
		6B0E9DEB27524CD000B0E946 /* dcinside_iOSUITests.swift */ = {isa = PBXFileReference; lastKnownFileType = sourcecode.swift; path = dcinside_iOSUITests.swift; sourceTree = "<group>"; };
		6B0E9DED27524CD000B0E946 /* Info.plist */ = {isa = PBXFileReference; lastKnownFileType = text.plist.xml; path = Info.plist; sourceTree = "<group>"; };
		7216E8AB27658A9B00A2A976 /* MainViewTableViewCell.swift */ = {isa = PBXFileReference; lastKnownFileType = sourcecode.swift; path = MainViewTableViewCell.swift; sourceTree = "<group>"; };
		723830B42758BB0D006B0F49 /* SignUpViewController.swift */ = {isa = PBXFileReference; lastKnownFileType = sourcecode.swift; path = SignUpViewController.swift; sourceTree = "<group>"; };
		723830B92758DB90006B0F49 /* Role.swift */ = {isa = PBXFileReference; lastKnownFileType = sourcecode.swift; path = Role.swift; sourceTree = "<group>"; };
		723830BB2758DBB1006B0F49 /* User.swift */ = {isa = PBXFileReference; lastKnownFileType = sourcecode.swift; path = User.swift; sourceTree = "<group>"; };
		723830BE275A2B97006B0F49 /* APIService.swift */ = {isa = PBXFileReference; lastKnownFileType = sourcecode.swift; path = APIService.swift; sourceTree = "<group>"; };
		725FCD3E275B66850077C59D /* Login.swift */ = {isa = PBXFileReference; lastKnownFileType = sourcecode.swift; path = Login.swift; sourceTree = "<group>"; };
		725FCD41275B767D0077C59D /* CustomSideMenuNavigation.swift */ = {isa = PBXFileReference; lastKnownFileType = sourcecode.swift; path = CustomSideMenuNavigation.swift; sourceTree = "<group>"; };
		725FCD43275B76B60077C59D /* SideMenuControllerViewController.swift */ = {isa = PBXFileReference; lastKnownFileType = sourcecode.swift; path = SideMenuControllerViewController.swift; sourceTree = "<group>"; };
		725FCD45275BA5CE0077C59D /* TableViewCell.swift */ = {isa = PBXFileReference; lastKnownFileType = sourcecode.swift; path = TableViewCell.swift; sourceTree = "<group>"; };
		725FCD47275BD0C40077C59D /* Post.swift */ = {isa = PBXFileReference; lastKnownFileType = sourcecode.swift; path = Post.swift; sourceTree = "<group>"; };
		726EA7AC275A534500EB2D83 /* KeyChain.swift */ = {isa = PBXFileReference; lastKnownFileType = sourcecode.swift; path = KeyChain.swift; sourceTree = "<group>"; };
		726EA7AE275A7C7800EB2D83 /* MainViewController.swift */ = {isa = PBXFileReference; lastKnownFileType = sourcecode.swift; path = MainViewController.swift; sourceTree = "<group>"; };
		726EA7B0275A7C9500EB2D83 /* GalleryListViewController.swift */ = {isa = PBXFileReference; lastKnownFileType = sourcecode.swift; path = GalleryListViewController.swift; sourceTree = "<group>"; };
		726EA7B2275A7C9D00EB2D83 /* MakePostViewController.swift */ = {isa = PBXFileReference; lastKnownFileType = sourcecode.swift; path = MakePostViewController.swift; sourceTree = "<group>"; };
		7B64A88E276F38C40038305A /* NoticeNavigationViewController.swift */ = {isa = PBXFileReference; lastKnownFileType = sourcecode.swift; path = NoticeNavigationViewController.swift; sourceTree = "<group>"; };
		7B64A892276F395A0038305A /* SubTabBarViewController.swift */ = {isa = PBXFileReference; lastKnownFileType = sourcecode.swift; path = SubTabBarViewController.swift; sourceTree = "<group>"; };
		7B64A894276F77010038305A /* TokenInfo.swift */ = {isa = PBXFileReference; lastKnownFileType = sourcecode.swift; path = TokenInfo.swift; sourceTree = "<group>"; };
		7B64A8962770C7270038305A /* PostViewController.swift */ = {isa = PBXFileReference; lastKnownFileType = sourcecode.swift; path = PostViewController.swift; sourceTree = "<group>"; };
		7B64A8982770C7840038305A /* PostNaviViewController.swift */ = {isa = PBXFileReference; lastKnownFileType = sourcecode.swift; path = PostNaviViewController.swift; sourceTree = "<group>"; };
		7B64A89E277345810038305A /* ErrInfo.swift */ = {isa = PBXFileReference; lastKnownFileType = sourcecode.swift; path = ErrInfo.swift; sourceTree = "<group>"; };
		7BCE4B492768D904008C07A5 /* GalleryViewController.swift */ = {isa = PBXFileReference; lastKnownFileType = sourcecode.swift; path = GalleryViewController.swift; sourceTree = "<group>"; };
		7BCE4B8F276B5DA5008C07A5 /* MainTabBarViewController.swift */ = {isa = PBXFileReference; lastKnownFileType = sourcecode.swift; path = MainTabBarViewController.swift; sourceTree = "<group>"; };
		7BCE4B91276B641C008C07A5 /* NoticeViewController.swift */ = {isa = PBXFileReference; lastKnownFileType = sourcecode.swift; path = NoticeViewController.swift; sourceTree = "<group>"; };
		7BCE4B93276B7F3C008C07A5 /* SearchViewController.swift */ = {isa = PBXFileReference; lastKnownFileType = sourcecode.swift; path = SearchViewController.swift; sourceTree = "<group>"; };
		8B3789E2BBFE5F2D389D38DF /* Pods_dcinside_iOS_dcinside_iOSUITests.framework */ = {isa = PBXFileReference; explicitFileType = wrapper.framework; includeInIndex = 0; path = Pods_dcinside_iOS_dcinside_iOSUITests.framework; sourceTree = BUILT_PRODUCTS_DIR; };
		AE1158103951A4FB7AA43372 /* Pods_dcinside_iOS.framework */ = {isa = PBXFileReference; explicitFileType = wrapper.framework; includeInIndex = 0; path = Pods_dcinside_iOS.framework; sourceTree = BUILT_PRODUCTS_DIR; };
		C9D7B19436E0E14A4F524FA8 /* Pods_dcinside_iOSTests.framework */ = {isa = PBXFileReference; explicitFileType = wrapper.framework; includeInIndex = 0; path = Pods_dcinside_iOSTests.framework; sourceTree = BUILT_PRODUCTS_DIR; };
		E0BBDFD47D4E714791A6D341 /* Pods-dcinside_iOS-dcinside_iOSUITests.release.xcconfig */ = {isa = PBXFileReference; includeInIndex = 1; lastKnownFileType = text.xcconfig; name = "Pods-dcinside_iOS-dcinside_iOSUITests.release.xcconfig"; path = "Target Support Files/Pods-dcinside_iOS-dcinside_iOSUITests/Pods-dcinside_iOS-dcinside_iOSUITests.release.xcconfig"; sourceTree = "<group>"; };
/* End PBXFileReference section */

/* Begin PBXFrameworksBuildPhase section */
		6B0E9DC027524CCF00B0E946 /* Frameworks */ = {
			isa = PBXFrameworksBuildPhase;
			buildActionMask = 2147483647;
			files = (
				FCB0A5A54025DB78944510EC /* Pods_dcinside_iOS.framework in Frameworks */,
			);
			runOnlyForDeploymentPostprocessing = 0;
		};
		6B0E9DD927524CD000B0E946 /* Frameworks */ = {
			isa = PBXFrameworksBuildPhase;
			buildActionMask = 2147483647;
			files = (
				FCFF292416A684B208A02B01 /* Pods_dcinside_iOSTests.framework in Frameworks */,
			);
			runOnlyForDeploymentPostprocessing = 0;
		};
		6B0E9DE427524CD000B0E946 /* Frameworks */ = {
			isa = PBXFrameworksBuildPhase;
			buildActionMask = 2147483647;
			files = (
				661EB35A8BAB4E466D0B5004 /* Pods_dcinside_iOS_dcinside_iOSUITests.framework in Frameworks */,
			);
			runOnlyForDeploymentPostprocessing = 0;
		};
/* End PBXFrameworksBuildPhase section */

/* Begin PBXGroup section */
		43311FB1343B55377ED89920 /* Frameworks */ = {
			isa = PBXGroup;
			children = (
				AE1158103951A4FB7AA43372 /* Pods_dcinside_iOS.framework */,
				8B3789E2BBFE5F2D389D38DF /* Pods_dcinside_iOS_dcinside_iOSUITests.framework */,
				C9D7B19436E0E14A4F524FA8 /* Pods_dcinside_iOSTests.framework */,
			);
			name = Frameworks;
			sourceTree = "<group>";
		};
		61127E4634013D999C3C4AFF /* Pods */ = {
			isa = PBXGroup;
			children = (
				458736BEB885EBB424908E8F /* Pods-dcinside_iOS.debug.xcconfig */,
				1A822C4E8095734F995873E8 /* Pods-dcinside_iOS.release.xcconfig */,
				0E28A9C3B3BF8B539BA6D984 /* Pods-dcinside_iOS-dcinside_iOSUITests.debug.xcconfig */,
				E0BBDFD47D4E714791A6D341 /* Pods-dcinside_iOS-dcinside_iOSUITests.release.xcconfig */,
				07F4818E22AEF5FCB59D8639 /* Pods-dcinside_iOSTests.debug.xcconfig */,
				464B12AA14FBC1D9C6367484 /* Pods-dcinside_iOSTests.release.xcconfig */,
			);
			path = Pods;
			sourceTree = "<group>";
		};
		6B0E9DBA27524CCF00B0E946 = {
			isa = PBXGroup;
			children = (
				723830BD275A265D006B0F49 /* APIs */,
				723830B82758DB72006B0F49 /* Model */,
				723830B72758DB6E006B0F49 /* View */,
				723830B62758DB67006B0F49 /* Controller */,
				6B0E9DC527524CCF00B0E946 /* dcinside_iOS */,
				6B0E9DDF27524CD000B0E946 /* dcinside_iOSTests */,
				6B0E9DEA27524CD000B0E946 /* dcinside_iOSUITests */,
				6B0E9DC427524CCF00B0E946 /* Products */,
				61127E4634013D999C3C4AFF /* Pods */,
				43311FB1343B55377ED89920 /* Frameworks */,
			);
			sourceTree = "<group>";
		};
		6B0E9DC427524CCF00B0E946 /* Products */ = {
			isa = PBXGroup;
			children = (
				6B0E9DC327524CCF00B0E946 /* dcinside_iOS.app */,
				6B0E9DDC27524CD000B0E946 /* dcinside_iOSTests.xctest */,
				6B0E9DE727524CD000B0E946 /* dcinside_iOSUITests.xctest */,
			);
			name = Products;
			sourceTree = "<group>";
		};
		6B0E9DC527524CCF00B0E946 /* dcinside_iOS */ = {
			isa = PBXGroup;
			children = (
				6B0E9DC627524CCF00B0E946 /* AppDelegate.swift */,
				6B0E9DC827524CCF00B0E946 /* SceneDelegate.swift */,
				6B0E9DD227524CD000B0E946 /* Assets.xcassets */,
				6B0E9DD427524CD000B0E946 /* LaunchScreen.storyboard */,
				6B0E9DD727524CD000B0E946 /* Info.plist */,
				6B0E9DCF27524CCF00B0E946 /* dcinside_iOS.xcdatamodeld */,
			);
			path = dcinside_iOS;
			sourceTree = "<group>";
		};
		6B0E9DDF27524CD000B0E946 /* dcinside_iOSTests */ = {
			isa = PBXGroup;
			children = (
				6B0E9DE027524CD000B0E946 /* dcinside_iOSTests.swift */,
				6B0E9DE227524CD000B0E946 /* Info.plist */,
			);
			path = dcinside_iOSTests;
			sourceTree = "<group>";
		};
		6B0E9DEA27524CD000B0E946 /* dcinside_iOSUITests */ = {
			isa = PBXGroup;
			children = (
				6B0E9DEB27524CD000B0E946 /* dcinside_iOSUITests.swift */,
				6B0E9DED27524CD000B0E946 /* Info.plist */,
			);
			path = dcinside_iOSUITests;
			sourceTree = "<group>";
		};
		723830B62758DB67006B0F49 /* Controller */ = {
			isa = PBXGroup;
			children = (
				7B64A891276F38E40038305A /* MainScene */,
				7B64A890276F38D00038305A /* NoticeScene */,
				7BCE4B482768D8DD008C07A5 /* MainTabView */,
				725FCD40275B75A90077C59D /* SideView */,
				6B0E9DCA27524CCF00B0E946 /* ViewController.swift */,
				723830B42758BB0D006B0F49 /* SignUpViewController.swift */,
				726EA7B0275A7C9500EB2D83 /* GalleryListViewController.swift */,
				726EA7B2275A7C9D00EB2D83 /* MakePostViewController.swift */,
				7BCE4B93276B7F3C008C07A5 /* SearchViewController.swift */,
				7B64A892276F395A0038305A /* SubTabBarViewController.swift */,
				7B64A8962770C7270038305A /* PostViewController.swift */,
				7B64A8982770C7840038305A /* PostNaviViewController.swift */,
			);
			path = Controller;
			sourceTree = "<group>";
		};
		723830B72758DB6E006B0F49 /* View */ = {
			isa = PBXGroup;
			children = (
				6B0E9DCC27524CCF00B0E946 /* Main.storyboard */,
			);
			path = View;
			sourceTree = "<group>";
		};
		723830B82758DB72006B0F49 /* Model */ = {
			isa = PBXGroup;
			children = (
				723830B92758DB90006B0F49 /* Role.swift */,
				723830BB2758DBB1006B0F49 /* User.swift */,
				725FCD3E275B66850077C59D /* Login.swift */,
				725FCD47275BD0C40077C59D /* Post.swift */,
				7B64A894276F77010038305A /* TokenInfo.swift */,
				7B64A89E277345810038305A /* ErrInfo.swift */,
			);
			path = Model;
			sourceTree = "<group>";
		};
		723830BD275A265D006B0F49 /* APIs */ = {
			isa = PBXGroup;
			children = (
				723830BE275A2B97006B0F49 /* APIService.swift */,
				726EA7AC275A534500EB2D83 /* KeyChain.swift */,
			);
			path = APIs;
			sourceTree = "<group>";
		};
		725FCD40275B75A90077C59D /* SideView */ = {
			isa = PBXGroup;
			children = (
				725FCD41275B767D0077C59D /* CustomSideMenuNavigation.swift */,
				725FCD43275B76B60077C59D /* SideMenuControllerViewController.swift */,
				725FCD45275BA5CE0077C59D /* TableViewCell.swift */,
			);
			path = SideView;
			sourceTree = "<group>";
		};
		7B64A890276F38D00038305A /* NoticeScene */ = {
			isa = PBXGroup;
			children = (
				7BCE4B91276B641C008C07A5 /* NoticeViewController.swift */,
				7B64A88E276F38C40038305A /* NoticeNavigationViewController.swift */,
			);
			path = NoticeScene;
			sourceTree = "<group>";
		};
		7B64A891276F38E40038305A /* MainScene */ = {
			isa = PBXGroup;
			children = (
				7216E8AB27658A9B00A2A976 /* MainViewTableViewCell.swift */,
				7BCE4B8F276B5DA5008C07A5 /* MainTabBarViewController.swift */,
				726EA7AE275A7C7800EB2D83 /* MainViewController.swift */,
			);
			path = MainScene;
			sourceTree = "<group>";
		};
		7BCE4B482768D8DD008C07A5 /* MainTabView */ = {
			isa = PBXGroup;
			children = (
				7BCE4B492768D904008C07A5 /* GalleryViewController.swift */,
			);
			path = MainTabView;
			sourceTree = "<group>";
		};
/* End PBXGroup section */

/* Begin PBXNativeTarget section */
		6B0E9DC227524CCF00B0E946 /* dcinside_iOS */ = {
			isa = PBXNativeTarget;
			buildConfigurationList = 6B0E9DF027524CD000B0E946 /* Build configuration list for PBXNativeTarget "dcinside_iOS" */;
			buildPhases = (
				531A57D1DC2558F577445775 /* [CP] Check Pods Manifest.lock */,
				6B0E9DBF27524CCF00B0E946 /* Sources */,
				6B0E9DC027524CCF00B0E946 /* Frameworks */,
				6B0E9DC127524CCF00B0E946 /* Resources */,
				8CBCDEF8DCEBB544BCEC2ABC /* [CP] Embed Pods Frameworks */,
			);
			buildRules = (
			);
			dependencies = (
			);
			name = dcinside_iOS;
			productName = dcinside_iOS;
			productReference = 6B0E9DC327524CCF00B0E946 /* dcinside_iOS.app */;
			productType = "com.apple.product-type.application";
		};
		6B0E9DDB27524CD000B0E946 /* dcinside_iOSTests */ = {
			isa = PBXNativeTarget;
			buildConfigurationList = 6B0E9DF327524CD000B0E946 /* Build configuration list for PBXNativeTarget "dcinside_iOSTests" */;
			buildPhases = (
				035E8B7E7FE7BF3A2779D187 /* [CP] Check Pods Manifest.lock */,
				6B0E9DD827524CD000B0E946 /* Sources */,
				6B0E9DD927524CD000B0E946 /* Frameworks */,
				6B0E9DDA27524CD000B0E946 /* Resources */,
			);
			buildRules = (
			);
			dependencies = (
				6B0E9DDE27524CD000B0E946 /* PBXTargetDependency */,
			);
			name = dcinside_iOSTests;
			productName = dcinside_iOSTests;
			productReference = 6B0E9DDC27524CD000B0E946 /* dcinside_iOSTests.xctest */;
			productType = "com.apple.product-type.bundle.unit-test";
		};
		6B0E9DE627524CD000B0E946 /* dcinside_iOSUITests */ = {
			isa = PBXNativeTarget;
			buildConfigurationList = 6B0E9DF627524CD000B0E946 /* Build configuration list for PBXNativeTarget "dcinside_iOSUITests" */;
			buildPhases = (
				48FBA618257DABF98CAC8E3F /* [CP] Check Pods Manifest.lock */,
				6B0E9DE327524CD000B0E946 /* Sources */,
				6B0E9DE427524CD000B0E946 /* Frameworks */,
				6B0E9DE527524CD000B0E946 /* Resources */,
				F0C56CD8CCF72B301C5E5603 /* [CP] Embed Pods Frameworks */,
			);
			buildRules = (
			);
			dependencies = (
				6B0E9DE927524CD000B0E946 /* PBXTargetDependency */,
			);
			name = dcinside_iOSUITests;
			productName = dcinside_iOSUITests;
			productReference = 6B0E9DE727524CD000B0E946 /* dcinside_iOSUITests.xctest */;
			productType = "com.apple.product-type.bundle.ui-testing";
		};
/* End PBXNativeTarget section */

/* Begin PBXProject section */
		6B0E9DBB27524CCF00B0E946 /* Project object */ = {
			isa = PBXProject;
			attributes = {
				LastSwiftUpdateCheck = 1250;
				LastUpgradeCheck = 1250;
				TargetAttributes = {
					6B0E9DC227524CCF00B0E946 = {
						CreatedOnToolsVersion = 12.5;
					};
					6B0E9DDB27524CD000B0E946 = {
						CreatedOnToolsVersion = 12.5;
						TestTargetID = 6B0E9DC227524CCF00B0E946;
					};
					6B0E9DE627524CD000B0E946 = {
						CreatedOnToolsVersion = 12.5;
						TestTargetID = 6B0E9DC227524CCF00B0E946;
					};
				};
			};
			buildConfigurationList = 6B0E9DBE27524CCF00B0E946 /* Build configuration list for PBXProject "dcinside_iOS" */;
			compatibilityVersion = "Xcode 9.3";
			developmentRegion = en;
			hasScannedForEncodings = 0;
			knownRegions = (
				en,
				Base,
			);
			mainGroup = 6B0E9DBA27524CCF00B0E946;
			productRefGroup = 6B0E9DC427524CCF00B0E946 /* Products */;
			projectDirPath = "";
			projectRoot = "";
			targets = (
				6B0E9DC227524CCF00B0E946 /* dcinside_iOS */,
				6B0E9DDB27524CD000B0E946 /* dcinside_iOSTests */,
				6B0E9DE627524CD000B0E946 /* dcinside_iOSUITests */,
			);
		};
/* End PBXProject section */

/* Begin PBXResourcesBuildPhase section */
		6B0E9DC127524CCF00B0E946 /* Resources */ = {
			isa = PBXResourcesBuildPhase;
			buildActionMask = 2147483647;
			files = (
				6B0E9DD627524CD000B0E946 /* LaunchScreen.storyboard in Resources */,
				6B0E9DD327524CD000B0E946 /* Assets.xcassets in Resources */,
				6B0E9DCE27524CCF00B0E946 /* Main.storyboard in Resources */,
			);
			runOnlyForDeploymentPostprocessing = 0;
		};
		6B0E9DDA27524CD000B0E946 /* Resources */ = {
			isa = PBXResourcesBuildPhase;
			buildActionMask = 2147483647;
			files = (
			);
			runOnlyForDeploymentPostprocessing = 0;
		};
		6B0E9DE527524CD000B0E946 /* Resources */ = {
			isa = PBXResourcesBuildPhase;
			buildActionMask = 2147483647;
			files = (
			);
			runOnlyForDeploymentPostprocessing = 0;
		};
/* End PBXResourcesBuildPhase section */

/* Begin PBXShellScriptBuildPhase section */
		035E8B7E7FE7BF3A2779D187 /* [CP] Check Pods Manifest.lock */ = {
			isa = PBXShellScriptBuildPhase;
			buildActionMask = 2147483647;
			files = (
			);
			inputFileListPaths = (
			);
			inputPaths = (
				"${PODS_PODFILE_DIR_PATH}/Podfile.lock",
				"${PODS_ROOT}/Manifest.lock",
			);
			name = "[CP] Check Pods Manifest.lock";
			outputFileListPaths = (
			);
			outputPaths = (
				"$(DERIVED_FILE_DIR)/Pods-dcinside_iOSTests-checkManifestLockResult.txt",
			);
			runOnlyForDeploymentPostprocessing = 0;
			shellPath = /bin/sh;
			shellScript = "diff \"${PODS_PODFILE_DIR_PATH}/Podfile.lock\" \"${PODS_ROOT}/Manifest.lock\" > /dev/null\nif [ $? != 0 ] ; then\n    # print error to STDERR\n    echo \"error: The sandbox is not in sync with the Podfile.lock. Run 'pod install' or update your CocoaPods installation.\" >&2\n    exit 1\nfi\n# This output is used by Xcode 'outputs' to avoid re-running this script phase.\necho \"SUCCESS\" > \"${SCRIPT_OUTPUT_FILE_0}\"\n";
			showEnvVarsInLog = 0;
		};
		48FBA618257DABF98CAC8E3F /* [CP] Check Pods Manifest.lock */ = {
			isa = PBXShellScriptBuildPhase;
			buildActionMask = 2147483647;
			files = (
			);
			inputFileListPaths = (
			);
			inputPaths = (
				"${PODS_PODFILE_DIR_PATH}/Podfile.lock",
				"${PODS_ROOT}/Manifest.lock",
			);
			name = "[CP] Check Pods Manifest.lock";
			outputFileListPaths = (
			);
			outputPaths = (
				"$(DERIVED_FILE_DIR)/Pods-dcinside_iOS-dcinside_iOSUITests-checkManifestLockResult.txt",
			);
			runOnlyForDeploymentPostprocessing = 0;
			shellPath = /bin/sh;
			shellScript = "diff \"${PODS_PODFILE_DIR_PATH}/Podfile.lock\" \"${PODS_ROOT}/Manifest.lock\" > /dev/null\nif [ $? != 0 ] ; then\n    # print error to STDERR\n    echo \"error: The sandbox is not in sync with the Podfile.lock. Run 'pod install' or update your CocoaPods installation.\" >&2\n    exit 1\nfi\n# This output is used by Xcode 'outputs' to avoid re-running this script phase.\necho \"SUCCESS\" > \"${SCRIPT_OUTPUT_FILE_0}\"\n";
			showEnvVarsInLog = 0;
		};
		531A57D1DC2558F577445775 /* [CP] Check Pods Manifest.lock */ = {
			isa = PBXShellScriptBuildPhase;
			buildActionMask = 2147483647;
			files = (
			);
			inputFileListPaths = (
			);
			inputPaths = (
				"${PODS_PODFILE_DIR_PATH}/Podfile.lock",
				"${PODS_ROOT}/Manifest.lock",
			);
			name = "[CP] Check Pods Manifest.lock";
			outputFileListPaths = (
			);
			outputPaths = (
				"$(DERIVED_FILE_DIR)/Pods-dcinside_iOS-checkManifestLockResult.txt",
			);
			runOnlyForDeploymentPostprocessing = 0;
			shellPath = /bin/sh;
			shellScript = "diff \"${PODS_PODFILE_DIR_PATH}/Podfile.lock\" \"${PODS_ROOT}/Manifest.lock\" > /dev/null\nif [ $? != 0 ] ; then\n    # print error to STDERR\n    echo \"error: The sandbox is not in sync with the Podfile.lock. Run 'pod install' or update your CocoaPods installation.\" >&2\n    exit 1\nfi\n# This output is used by Xcode 'outputs' to avoid re-running this script phase.\necho \"SUCCESS\" > \"${SCRIPT_OUTPUT_FILE_0}\"\n";
			showEnvVarsInLog = 0;
		};
		8CBCDEF8DCEBB544BCEC2ABC /* [CP] Embed Pods Frameworks */ = {
			isa = PBXShellScriptBuildPhase;
			buildActionMask = 2147483647;
			files = (
			);
			inputFileListPaths = (
				"${PODS_ROOT}/Target Support Files/Pods-dcinside_iOS/Pods-dcinside_iOS-frameworks-${CONFIGURATION}-input-files.xcfilelist",
			);
			name = "[CP] Embed Pods Frameworks";
			outputFileListPaths = (
				"${PODS_ROOT}/Target Support Files/Pods-dcinside_iOS/Pods-dcinside_iOS-frameworks-${CONFIGURATION}-output-files.xcfilelist",
			);
			runOnlyForDeploymentPostprocessing = 0;
			shellPath = /bin/sh;
			shellScript = "\"${PODS_ROOT}/Target Support Files/Pods-dcinside_iOS/Pods-dcinside_iOS-frameworks.sh\"\n";
			showEnvVarsInLog = 0;
		};
		F0C56CD8CCF72B301C5E5603 /* [CP] Embed Pods Frameworks */ = {
			isa = PBXShellScriptBuildPhase;
			buildActionMask = 2147483647;
			files = (
			);
			inputFileListPaths = (
				"${PODS_ROOT}/Target Support Files/Pods-dcinside_iOS-dcinside_iOSUITests/Pods-dcinside_iOS-dcinside_iOSUITests-frameworks-${CONFIGURATION}-input-files.xcfilelist",
			);
			name = "[CP] Embed Pods Frameworks";
			outputFileListPaths = (
				"${PODS_ROOT}/Target Support Files/Pods-dcinside_iOS-dcinside_iOSUITests/Pods-dcinside_iOS-dcinside_iOSUITests-frameworks-${CONFIGURATION}-output-files.xcfilelist",
			);
			runOnlyForDeploymentPostprocessing = 0;
			shellPath = /bin/sh;
			shellScript = "\"${PODS_ROOT}/Target Support Files/Pods-dcinside_iOS-dcinside_iOSUITests/Pods-dcinside_iOS-dcinside_iOSUITests-frameworks.sh\"\n";
			showEnvVarsInLog = 0;
		};
/* End PBXShellScriptBuildPhase section */

/* Begin PBXSourcesBuildPhase section */
		6B0E9DBF27524CCF00B0E946 /* Sources */ = {
			isa = PBXSourcesBuildPhase;
			buildActionMask = 2147483647;
			files = (
				6B0E9DCB27524CCF00B0E946 /* ViewController.swift in Sources */,
				7B64A88F276F38C40038305A /* NoticeNavigationViewController.swift in Sources */,
				725FCD46275BA5CE0077C59D /* TableViewCell.swift in Sources */,
				6B0E9DC727524CCF00B0E946 /* AppDelegate.swift in Sources */,
				725FCD3F275B66850077C59D /* Login.swift in Sources */,
				725FCD48275BD0C40077C59D /* Post.swift in Sources */,
				7BCE4B90276B5DA5008C07A5 /* MainTabBarViewController.swift in Sources */,
				726EA7B3275A7C9D00EB2D83 /* MakePostViewController.swift in Sources */,
				725FCD44275B76B60077C59D /* SideMenuControllerViewController.swift in Sources */,
				6B0E9DD127524CCF00B0E946 /* dcinside_iOS.xcdatamodeld in Sources */,
				6B0E9DC927524CCF00B0E946 /* SceneDelegate.swift in Sources */,
				7BCE4B92276B641C008C07A5 /* NoticeViewController.swift in Sources */,
				723830B52758BB0D006B0F49 /* SignUpViewController.swift in Sources */,
				7B64A893276F395A0038305A /* SubTabBarViewController.swift in Sources */,
				7BCE4B94276B7F3C008C07A5 /* SearchViewController.swift in Sources */,
				7B64A8992770C7840038305A /* PostNaviViewController.swift in Sources */,
				723830BA2758DB90006B0F49 /* Role.swift in Sources */,
				7B64A8972770C7270038305A /* PostViewController.swift in Sources */,
				7B64A895276F77010038305A /* TokenInfo.swift in Sources */,
				725FCD42275B767D0077C59D /* CustomSideMenuNavigation.swift in Sources */,
				7216E8AC27658A9B00A2A976 /* MainViewTableViewCell.swift in Sources */,
				723830BF275A2B97006B0F49 /* APIService.swift in Sources */,
				726EA7AD275A534500EB2D83 /* KeyChain.swift in Sources */,
				723830BC2758DBB1006B0F49 /* User.swift in Sources */,
				7BCE4B4A2768D904008C07A5 /* GalleryViewController.swift in Sources */,
				7B64A89F277345810038305A /* ErrInfo.swift in Sources */,
				726EA7AF275A7C7800EB2D83 /* MainViewController.swift in Sources */,
				726EA7B1275A7C9500EB2D83 /* GalleryListViewController.swift in Sources */,
			);
			runOnlyForDeploymentPostprocessing = 0;
		};
		6B0E9DD827524CD000B0E946 /* Sources */ = {
			isa = PBXSourcesBuildPhase;
			buildActionMask = 2147483647;
			files = (
				6B0E9DE127524CD000B0E946 /* dcinside_iOSTests.swift in Sources */,
			);
			runOnlyForDeploymentPostprocessing = 0;
		};
		6B0E9DE327524CD000B0E946 /* Sources */ = {
			isa = PBXSourcesBuildPhase;
			buildActionMask = 2147483647;
			files = (
				6B0E9DEC27524CD000B0E946 /* dcinside_iOSUITests.swift in Sources */,
			);
			runOnlyForDeploymentPostprocessing = 0;
		};
/* End PBXSourcesBuildPhase section */

/* Begin PBXTargetDependency section */
		6B0E9DDE27524CD000B0E946 /* PBXTargetDependency */ = {
			isa = PBXTargetDependency;
			target = 6B0E9DC227524CCF00B0E946 /* dcinside_iOS */;
			targetProxy = 6B0E9DDD27524CD000B0E946 /* PBXContainerItemProxy */;
		};
		6B0E9DE927524CD000B0E946 /* PBXTargetDependency */ = {
			isa = PBXTargetDependency;
			target = 6B0E9DC227524CCF00B0E946 /* dcinside_iOS */;
			targetProxy = 6B0E9DE827524CD000B0E946 /* PBXContainerItemProxy */;
		};
/* End PBXTargetDependency section */

/* Begin PBXVariantGroup section */
		6B0E9DCC27524CCF00B0E946 /* Main.storyboard */ = {
			isa = PBXVariantGroup;
			children = (
				6B0E9DCD27524CCF00B0E946 /* Base */,
			);
			name = Main.storyboard;
			sourceTree = "<group>";
		};
		6B0E9DD427524CD000B0E946 /* LaunchScreen.storyboard */ = {
			isa = PBXVariantGroup;
			children = (
				6B0E9DD527524CD000B0E946 /* Base */,
			);
			name = LaunchScreen.storyboard;
			sourceTree = "<group>";
		};
/* End PBXVariantGroup section */

/* Begin XCBuildConfiguration section */
		6B0E9DEE27524CD000B0E946 /* Debug */ = {
			isa = XCBuildConfiguration;
			buildSettings = {
				ALWAYS_SEARCH_USER_PATHS = NO;
				CLANG_ANALYZER_NONNULL = YES;
				CLANG_ANALYZER_NUMBER_OBJECT_CONVERSION = YES_AGGRESSIVE;
				CLANG_CXX_LANGUAGE_STANDARD = "gnu++14";
				CLANG_CXX_LIBRARY = "libc++";
				CLANG_ENABLE_MODULES = YES;
				CLANG_ENABLE_OBJC_ARC = YES;
				CLANG_ENABLE_OBJC_WEAK = YES;
				CLANG_WARN_BLOCK_CAPTURE_AUTORELEASING = YES;
				CLANG_WARN_BOOL_CONVERSION = YES;
				CLANG_WARN_COMMA = YES;
				CLANG_WARN_CONSTANT_CONVERSION = YES;
				CLANG_WARN_DEPRECATED_OBJC_IMPLEMENTATIONS = YES;
				CLANG_WARN_DIRECT_OBJC_ISA_USAGE = YES_ERROR;
				CLANG_WARN_DOCUMENTATION_COMMENTS = YES;
				CLANG_WARN_EMPTY_BODY = YES;
				CLANG_WARN_ENUM_CONVERSION = YES;
				CLANG_WARN_INFINITE_RECURSION = YES;
				CLANG_WARN_INT_CONVERSION = YES;
				CLANG_WARN_NON_LITERAL_NULL_CONVERSION = YES;
				CLANG_WARN_OBJC_IMPLICIT_RETAIN_SELF = YES;
				CLANG_WARN_OBJC_LITERAL_CONVERSION = YES;
				CLANG_WARN_OBJC_ROOT_CLASS = YES_ERROR;
				CLANG_WARN_QUOTED_INCLUDE_IN_FRAMEWORK_HEADER = YES;
				CLANG_WARN_RANGE_LOOP_ANALYSIS = YES;
				CLANG_WARN_STRICT_PROTOTYPES = YES;
				CLANG_WARN_SUSPICIOUS_MOVE = YES;
				CLANG_WARN_UNGUARDED_AVAILABILITY = YES_AGGRESSIVE;
				CLANG_WARN_UNREACHABLE_CODE = YES;
				CLANG_WARN__DUPLICATE_METHOD_MATCH = YES;
				COPY_PHASE_STRIP = NO;
				DEBUG_INFORMATION_FORMAT = dwarf;
				ENABLE_STRICT_OBJC_MSGSEND = YES;
				ENABLE_TESTABILITY = YES;
				GCC_C_LANGUAGE_STANDARD = gnu11;
				GCC_DYNAMIC_NO_PIC = NO;
				GCC_NO_COMMON_BLOCKS = YES;
				GCC_OPTIMIZATION_LEVEL = 0;
				GCC_PREPROCESSOR_DEFINITIONS = (
					"DEBUG=1",
					"$(inherited)",
				);
				GCC_WARN_64_TO_32_BIT_CONVERSION = YES;
				GCC_WARN_ABOUT_RETURN_TYPE = YES_ERROR;
				GCC_WARN_UNDECLARED_SELECTOR = YES;
				GCC_WARN_UNINITIALIZED_AUTOS = YES_AGGRESSIVE;
				GCC_WARN_UNUSED_FUNCTION = YES;
				GCC_WARN_UNUSED_VARIABLE = YES;
				IPHONEOS_DEPLOYMENT_TARGET = 14.5;
				MTL_ENABLE_DEBUG_INFO = INCLUDE_SOURCE;
				MTL_FAST_MATH = YES;
				ONLY_ACTIVE_ARCH = YES;
				SDKROOT = iphoneos;
				SWIFT_ACTIVE_COMPILATION_CONDITIONS = DEBUG;
				SWIFT_OPTIMIZATION_LEVEL = "-Onone";
			};
			name = Debug;
		};
		6B0E9DEF27524CD000B0E946 /* Release */ = {
			isa = XCBuildConfiguration;
			buildSettings = {
				ALWAYS_SEARCH_USER_PATHS = NO;
				CLANG_ANALYZER_NONNULL = YES;
				CLANG_ANALYZER_NUMBER_OBJECT_CONVERSION = YES_AGGRESSIVE;
				CLANG_CXX_LANGUAGE_STANDARD = "gnu++14";
				CLANG_CXX_LIBRARY = "libc++";
				CLANG_ENABLE_MODULES = YES;
				CLANG_ENABLE_OBJC_ARC = YES;
				CLANG_ENABLE_OBJC_WEAK = YES;
				CLANG_WARN_BLOCK_CAPTURE_AUTORELEASING = YES;
				CLANG_WARN_BOOL_CONVERSION = YES;
				CLANG_WARN_COMMA = YES;
				CLANG_WARN_CONSTANT_CONVERSION = YES;
				CLANG_WARN_DEPRECATED_OBJC_IMPLEMENTATIONS = YES;
				CLANG_WARN_DIRECT_OBJC_ISA_USAGE = YES_ERROR;
				CLANG_WARN_DOCUMENTATION_COMMENTS = YES;
				CLANG_WARN_EMPTY_BODY = YES;
				CLANG_WARN_ENUM_CONVERSION = YES;
				CLANG_WARN_INFINITE_RECURSION = YES;
				CLANG_WARN_INT_CONVERSION = YES;
				CLANG_WARN_NON_LITERAL_NULL_CONVERSION = YES;
				CLANG_WARN_OBJC_IMPLICIT_RETAIN_SELF = YES;
				CLANG_WARN_OBJC_LITERAL_CONVERSION = YES;
				CLANG_WARN_OBJC_ROOT_CLASS = YES_ERROR;
				CLANG_WARN_QUOTED_INCLUDE_IN_FRAMEWORK_HEADER = YES;
				CLANG_WARN_RANGE_LOOP_ANALYSIS = YES;
				CLANG_WARN_STRICT_PROTOTYPES = YES;
				CLANG_WARN_SUSPICIOUS_MOVE = YES;
				CLANG_WARN_UNGUARDED_AVAILABILITY = YES_AGGRESSIVE;
				CLANG_WARN_UNREACHABLE_CODE = YES;
				CLANG_WARN__DUPLICATE_METHOD_MATCH = YES;
				COPY_PHASE_STRIP = NO;
				DEBUG_INFORMATION_FORMAT = "dwarf-with-dsym";
				ENABLE_NS_ASSERTIONS = NO;
				ENABLE_STRICT_OBJC_MSGSEND = YES;
				GCC_C_LANGUAGE_STANDARD = gnu11;
				GCC_NO_COMMON_BLOCKS = YES;
				GCC_WARN_64_TO_32_BIT_CONVERSION = YES;
				GCC_WARN_ABOUT_RETURN_TYPE = YES_ERROR;
				GCC_WARN_UNDECLARED_SELECTOR = YES;
				GCC_WARN_UNINITIALIZED_AUTOS = YES_AGGRESSIVE;
				GCC_WARN_UNUSED_FUNCTION = YES;
				GCC_WARN_UNUSED_VARIABLE = YES;
				IPHONEOS_DEPLOYMENT_TARGET = 14.5;
				MTL_ENABLE_DEBUG_INFO = NO;
				MTL_FAST_MATH = YES;
				SDKROOT = iphoneos;
				SWIFT_COMPILATION_MODE = wholemodule;
				SWIFT_OPTIMIZATION_LEVEL = "-O";
				VALIDATE_PRODUCT = YES;
			};
			name = Release;
		};
		6B0E9DF127524CD000B0E946 /* Debug */ = {
			isa = XCBuildConfiguration;
			baseConfigurationReference = 458736BEB885EBB424908E8F /* Pods-dcinside_iOS.debug.xcconfig */;
			buildSettings = {
				ASSETCATALOG_COMPILER_APPICON_NAME = AppIcon;
				ASSETCATALOG_COMPILER_GLOBAL_ACCENT_COLOR_NAME = AccentColor;
				CODE_SIGN_STYLE = Automatic;
				INFOPLIST_FILE = dcinside_iOS/Info.plist;
				LD_RUNPATH_SEARCH_PATHS = (
					"$(inherited)",
					"@executable_path/Frameworks",
				);
				PRODUCT_BUNDLE_IDENTIFIER = "ExodusFromSamsung.dcinside-iOS";
				PRODUCT_NAME = "$(TARGET_NAME)";
				SWIFT_VERSION = 5.0;
				TARGETED_DEVICE_FAMILY = "1,2";
			};
			name = Debug;
		};
		6B0E9DF227524CD000B0E946 /* Release */ = {
			isa = XCBuildConfiguration;
			baseConfigurationReference = 1A822C4E8095734F995873E8 /* Pods-dcinside_iOS.release.xcconfig */;
			buildSettings = {
				ASSETCATALOG_COMPILER_APPICON_NAME = AppIcon;
				ASSETCATALOG_COMPILER_GLOBAL_ACCENT_COLOR_NAME = AccentColor;
				CODE_SIGN_STYLE = Automatic;
				INFOPLIST_FILE = dcinside_iOS/Info.plist;
				LD_RUNPATH_SEARCH_PATHS = (
					"$(inherited)",
					"@executable_path/Frameworks",
				);
				PRODUCT_BUNDLE_IDENTIFIER = "ExodusFromSamsung.dcinside-iOS";
				PRODUCT_NAME = "$(TARGET_NAME)";
				SWIFT_VERSION = 5.0;
				TARGETED_DEVICE_FAMILY = "1,2";
			};
			name = Release;
		};
		6B0E9DF427524CD000B0E946 /* Debug */ = {
			isa = XCBuildConfiguration;
			baseConfigurationReference = 07F4818E22AEF5FCB59D8639 /* Pods-dcinside_iOSTests.debug.xcconfig */;
			buildSettings = {
				ALWAYS_EMBED_SWIFT_STANDARD_LIBRARIES = YES;
				BUNDLE_LOADER = "$(TEST_HOST)";
				CODE_SIGN_STYLE = Automatic;
				INFOPLIST_FILE = dcinside_iOSTests/Info.plist;
				IPHONEOS_DEPLOYMENT_TARGET = 14.5;
				LD_RUNPATH_SEARCH_PATHS = (
					"$(inherited)",
					"@executable_path/Frameworks",
					"@loader_path/Frameworks",
				);
				PRODUCT_BUNDLE_IDENTIFIER = "ExodusFromSamsung.dcinside-iOSTests";
				PRODUCT_NAME = "$(TARGET_NAME)";
				SWIFT_VERSION = 5.0;
				TARGETED_DEVICE_FAMILY = "1,2";
				TEST_HOST = "$(BUILT_PRODUCTS_DIR)/dcinside_iOS.app/dcinside_iOS";
			};
			name = Debug;
		};
		6B0E9DF527524CD000B0E946 /* Release */ = {
			isa = XCBuildConfiguration;
			baseConfigurationReference = 464B12AA14FBC1D9C6367484 /* Pods-dcinside_iOSTests.release.xcconfig */;
			buildSettings = {
				ALWAYS_EMBED_SWIFT_STANDARD_LIBRARIES = YES;
				BUNDLE_LOADER = "$(TEST_HOST)";
				CODE_SIGN_STYLE = Automatic;
				INFOPLIST_FILE = dcinside_iOSTests/Info.plist;
				IPHONEOS_DEPLOYMENT_TARGET = 14.5;
				LD_RUNPATH_SEARCH_PATHS = (
					"$(inherited)",
					"@executable_path/Frameworks",
					"@loader_path/Frameworks",
				);
				PRODUCT_BUNDLE_IDENTIFIER = "ExodusFromSamsung.dcinside-iOSTests";
				PRODUCT_NAME = "$(TARGET_NAME)";
				SWIFT_VERSION = 5.0;
				TARGETED_DEVICE_FAMILY = "1,2";
				TEST_HOST = "$(BUILT_PRODUCTS_DIR)/dcinside_iOS.app/dcinside_iOS";
			};
			name = Release;
		};
		6B0E9DF727524CD000B0E946 /* Debug */ = {
			isa = XCBuildConfiguration;
			baseConfigurationReference = 0E28A9C3B3BF8B539BA6D984 /* Pods-dcinside_iOS-dcinside_iOSUITests.debug.xcconfig */;
			buildSettings = {
				ALWAYS_EMBED_SWIFT_STANDARD_LIBRARIES = YES;
				CODE_SIGN_STYLE = Automatic;
				INFOPLIST_FILE = dcinside_iOSUITests/Info.plist;
				LD_RUNPATH_SEARCH_PATHS = (
					"$(inherited)",
					"@executable_path/Frameworks",
					"@loader_path/Frameworks",
				);
				PRODUCT_BUNDLE_IDENTIFIER = "ExodusFromSamsung.dcinside-iOSUITests";
				PRODUCT_NAME = "$(TARGET_NAME)";
				SWIFT_VERSION = 5.0;
				TARGETED_DEVICE_FAMILY = "1,2";
				TEST_TARGET_NAME = dcinside_iOS;
			};
			name = Debug;
		};
		6B0E9DF827524CD000B0E946 /* Release */ = {
			isa = XCBuildConfiguration;
			baseConfigurationReference = E0BBDFD47D4E714791A6D341 /* Pods-dcinside_iOS-dcinside_iOSUITests.release.xcconfig */;
			buildSettings = {
				ALWAYS_EMBED_SWIFT_STANDARD_LIBRARIES = YES;
				CODE_SIGN_STYLE = Automatic;
				INFOPLIST_FILE = dcinside_iOSUITests/Info.plist;
				LD_RUNPATH_SEARCH_PATHS = (
					"$(inherited)",
					"@executable_path/Frameworks",
					"@loader_path/Frameworks",
				);
				PRODUCT_BUNDLE_IDENTIFIER = "ExodusFromSamsung.dcinside-iOSUITests";
				PRODUCT_NAME = "$(TARGET_NAME)";
				SWIFT_VERSION = 5.0;
				TARGETED_DEVICE_FAMILY = "1,2";
				TEST_TARGET_NAME = dcinside_iOS;
			};
			name = Release;
		};
/* End XCBuildConfiguration section */

/* Begin XCConfigurationList section */
		6B0E9DBE27524CCF00B0E946 /* Build configuration list for PBXProject "dcinside_iOS" */ = {
			isa = XCConfigurationList;
			buildConfigurations = (
				6B0E9DEE27524CD000B0E946 /* Debug */,
				6B0E9DEF27524CD000B0E946 /* Release */,
			);
			defaultConfigurationIsVisible = 0;
			defaultConfigurationName = Release;
		};
		6B0E9DF027524CD000B0E946 /* Build configuration list for PBXNativeTarget "dcinside_iOS" */ = {
			isa = XCConfigurationList;
			buildConfigurations = (
				6B0E9DF127524CD000B0E946 /* Debug */,
				6B0E9DF227524CD000B0E946 /* Release */,
			);
			defaultConfigurationIsVisible = 0;
			defaultConfigurationName = Release;
		};
		6B0E9DF327524CD000B0E946 /* Build configuration list for PBXNativeTarget "dcinside_iOSTests" */ = {
			isa = XCConfigurationList;
			buildConfigurations = (
				6B0E9DF427524CD000B0E946 /* Debug */,
				6B0E9DF527524CD000B0E946 /* Release */,
			);
			defaultConfigurationIsVisible = 0;
			defaultConfigurationName = Release;
		};
		6B0E9DF627524CD000B0E946 /* Build configuration list for PBXNativeTarget "dcinside_iOSUITests" */ = {
			isa = XCConfigurationList;
			buildConfigurations = (
				6B0E9DF727524CD000B0E946 /* Debug */,
				6B0E9DF827524CD000B0E946 /* Release */,
			);
			defaultConfigurationIsVisible = 0;
			defaultConfigurationName = Release;
		};
/* End XCConfigurationList section */

/* Begin XCVersionGroup section */
		6B0E9DCF27524CCF00B0E946 /* dcinside_iOS.xcdatamodeld */ = {
			isa = XCVersionGroup;
			children = (
				6B0E9DD027524CCF00B0E946 /* dcinside_iOS.xcdatamodel */,
			);
			currentVersion = 6B0E9DD027524CCF00B0E946 /* dcinside_iOS.xcdatamodel */;
			path = dcinside_iOS.xcdatamodeld;
			sourceTree = "<group>";
			versionGroupType = wrapper.xcdatamodel;
		};
/* End XCVersionGroup section */
	};
	rootObject = 6B0E9DBB27524CCF00B0E946 /* Project object */;
}
