// !$*UTF8*$!
{
	archiveVersion = 1;
	classes = {
	};
	objectVersion = 51;
	objects = {

/* Begin PBXBuildFile section */
		661EB35A8BAB4E466D0B5004 /* Pods_dcinside_iOS_dcinside_iOSUITests.framework in Frameworks */ = {isa = PBXBuildFile; fileRef = 8B3789E2BBFE5F2D389D38DF /* Pods_dcinside_iOS_dcinside_iOSUITests.framework */; };
		6B0E9DC727524CCF00B0E946 /* AppDelegate.swift in Sources */ = {isa = PBXBuildFile; fileRef = 6B0E9DC627524CCF00B0E946 /* AppDelegate.swift */; };
		6B0E9DC927524CCF00B0E946 /* SceneDelegate.swift in Sources */ = {isa = PBXBuildFile; fileRef = 6B0E9DC827524CCF00B0E946 /* SceneDelegate.swift */; };
		6B0E9DD127524CCF00B0E946 /* dcinside_iOS.xcdatamodeld in Sources */ = {isa = PBXBuildFile; fileRef = 6B0E9DCF27524CCF00B0E946 /* dcinside_iOS.xcdatamodeld */; };
		6B0E9DD327524CD000B0E946 /* Assets.xcassets in Resources */ = {isa = PBXBuildFile; fileRef = 6B0E9DD227524CD000B0E946 /* Assets.xcassets */; };
		6B0E9DD627524CD000B0E946 /* LaunchScreen.storyboard in Resources */ = {isa = PBXBuildFile; fileRef = 6B0E9DD427524CD000B0E946 /* LaunchScreen.storyboard */; };
		6B0E9DE127524CD000B0E946 /* dcinside_iOSTests.swift in Sources */ = {isa = PBXBuildFile; fileRef = 6B0E9DE027524CD000B0E946 /* dcinside_iOSTests.swift */; };
		6B0E9DEC27524CD000B0E946 /* dcinside_iOSUITests.swift in Sources */ = {isa = PBXBuildFile; fileRef = 6B0E9DEB27524CD000B0E946 /* dcinside_iOSUITests.swift */; };
		723830BF275A2B97006B0F49 /* APIService.swift in Sources */ = {isa = PBXBuildFile; fileRef = 723830BE275A2B97006B0F49 /* APIService.swift */; };
		726EA7AD275A534500EB2D83 /* KeyChain.swift in Sources */ = {isa = PBXBuildFile; fileRef = 726EA7AC275A534500EB2D83 /* KeyChain.swift */; };
		7B73B13B280B1B0E002E4015 /* MainSceneViewController.swift in Sources */ = {isa = PBXBuildFile; fileRef = 7B73B139280B1B0E002E4015 /* MainSceneViewController.swift */; };
		7B73B13C280B1B0E002E4015 /* MainScenePresenter.swift in Sources */ = {isa = PBXBuildFile; fileRef = 7B73B13A280B1B0E002E4015 /* MainScenePresenter.swift */; };
		7BE2228227FDE4C2005DA880 /* MenuSceneViewController.swift in Sources */ = {isa = PBXBuildFile; fileRef = 7BE2228127FDE4C2005DA880 /* MenuSceneViewController.swift */; };
		7BE2228427FDE4CB005DA880 /* MenuScenePresenter.swift in Sources */ = {isa = PBXBuildFile; fileRef = 7BE2228327FDE4CB005DA880 /* MenuScenePresenter.swift */; };
		7BF3E60E280C433300F4126E /* SignInSceneViewController.swift in Sources */ = {isa = PBXBuildFile; fileRef = 7BF3E60D280C433300F4126E /* SignInSceneViewController.swift */; };
		7BF3E610280C433F00F4126E /* SignInPresenter.swift in Sources */ = {isa = PBXBuildFile; fileRef = 7BF3E60F280C433F00F4126E /* SignInPresenter.swift */; };
		7BF3E614280C67BF00F4126E /* SignInInfo.swift in Sources */ = {isa = PBXBuildFile; fileRef = 7BF3E613280C67BF00F4126E /* SignInInfo.swift */; };
		7BF3E616280C683700F4126E /* SignInResult.swift in Sources */ = {isa = PBXBuildFile; fileRef = 7BF3E615280C683700F4126E /* SignInResult.swift */; };
		7BF3E618280C687B00F4126E /* SignInResponse.swift in Sources */ = {isa = PBXBuildFile; fileRef = 7BF3E617280C687B00F4126E /* SignInResponse.swift */; };
		7BF3E61A280C68FD00F4126E /* responseError.swift in Sources */ = {isa = PBXBuildFile; fileRef = 7BF3E619280C68FD00F4126E /* responseError.swift */; };
		7BF3E61D280D799200F4126E /* SignUpSceneViewController.swift in Sources */ = {isa = PBXBuildFile; fileRef = 7BF3E61C280D799200F4126E /* SignUpSceneViewController.swift */; };
		7BF3E61F280D799E00F4126E /* SignUpScenePresenter.swift in Sources */ = {isa = PBXBuildFile; fileRef = 7BF3E61E280D799E00F4126E /* SignUpScenePresenter.swift */; };
		7BF3E621280D984700F4126E /* SignUpSceneModel.swift in Sources */ = {isa = PBXBuildFile; fileRef = 7BF3E620280D984700F4126E /* SignUpSceneModel.swift */; };
		7BF3E623280DA05F00F4126E /* SignUpInfo.swift in Sources */ = {isa = PBXBuildFile; fileRef = 7BF3E622280DA05F00F4126E /* SignUpInfo.swift */; };
		7BF3E625280DA34D00F4126E /* SignUpResponse.swift in Sources */ = {isa = PBXBuildFile; fileRef = 7BF3E624280DA34D00F4126E /* SignUpResponse.swift */; };
		FCB0A5A54025DB78944510EC /* Pods_dcinside_iOS.framework in Frameworks */ = {isa = PBXBuildFile; fileRef = AE1158103951A4FB7AA43372 /* Pods_dcinside_iOS.framework */; };
		FCFF292416A684B208A02B01 /* Pods_dcinside_iOSTests.framework in Frameworks */ = {isa = PBXBuildFile; fileRef = C9D7B19436E0E14A4F524FA8 /* Pods_dcinside_iOSTests.framework */; };
/* End PBXBuildFile section */

/* Begin PBXContainerItemProxy section */
		6B0E9DDD27524CD000B0E946 /* PBXContainerItemProxy */ = {
			isa = PBXContainerItemProxy;
			containerPortal = 6B0E9DBB27524CCF00B0E946 /* Project object */;
			proxyType = 1;
			remoteGlobalIDString = 6B0E9DC227524CCF00B0E946;
			remoteInfo = dcinside_iOS;
		};
		6B0E9DE827524CD000B0E946 /* PBXContainerItemProxy */ = {
			isa = PBXContainerItemProxy;
			containerPortal = 6B0E9DBB27524CCF00B0E946 /* Project object */;
			proxyType = 1;
			remoteGlobalIDString = 6B0E9DC227524CCF00B0E946;
			remoteInfo = dcinside_iOS;
		};
/* End PBXContainerItemProxy section */

/* Begin PBXFileReference section */
		07F4818E22AEF5FCB59D8639 /* Pods-dcinside_iOSTests.debug.xcconfig */ = {isa = PBXFileReference; includeInIndex = 1; lastKnownFileType = text.xcconfig; name = "Pods-dcinside_iOSTests.debug.xcconfig"; path = "Target Support Files/Pods-dcinside_iOSTests/Pods-dcinside_iOSTests.debug.xcconfig"; sourceTree = "<group>"; };
		0E28A9C3B3BF8B539BA6D984 /* Pods-dcinside_iOS-dcinside_iOSUITests.debug.xcconfig */ = {isa = PBXFileReference; includeInIndex = 1; lastKnownFileType = text.xcconfig; name = "Pods-dcinside_iOS-dcinside_iOSUITests.debug.xcconfig"; path = "Target Support Files/Pods-dcinside_iOS-dcinside_iOSUITests/Pods-dcinside_iOS-dcinside_iOSUITests.debug.xcconfig"; sourceTree = "<group>"; };
		1A822C4E8095734F995873E8 /* Pods-dcinside_iOS.release.xcconfig */ = {isa = PBXFileReference; includeInIndex = 1; lastKnownFileType = text.xcconfig; name = "Pods-dcinside_iOS.release.xcconfig"; path = "Target Support Files/Pods-dcinside_iOS/Pods-dcinside_iOS.release.xcconfig"; sourceTree = "<group>"; };
		458736BEB885EBB424908E8F /* Pods-dcinside_iOS.debug.xcconfig */ = {isa = PBXFileReference; includeInIndex = 1; lastKnownFileType = text.xcconfig; name = "Pods-dcinside_iOS.debug.xcconfig"; path = "Target Support Files/Pods-dcinside_iOS/Pods-dcinside_iOS.debug.xcconfig"; sourceTree = "<group>"; };
		464B12AA14FBC1D9C6367484 /* Pods-dcinside_iOSTests.release.xcconfig */ = {isa = PBXFileReference; includeInIndex = 1; lastKnownFileType = text.xcconfig; name = "Pods-dcinside_iOSTests.release.xcconfig"; path = "Target Support Files/Pods-dcinside_iOSTests/Pods-dcinside_iOSTests.release.xcconfig"; sourceTree = "<group>"; };
		6B0E9DC327524CCF00B0E946 /* dcinside_iOS.app */ = {isa = PBXFileReference; explicitFileType = wrapper.application; includeInIndex = 0; path = dcinside_iOS.app; sourceTree = BUILT_PRODUCTS_DIR; };
		6B0E9DC627524CCF00B0E946 /* AppDelegate.swift */ = {isa = PBXFileReference; lastKnownFileType = sourcecode.swift; path = AppDelegate.swift; sourceTree = "<group>"; };
		6B0E9DC827524CCF00B0E946 /* SceneDelegate.swift */ = {isa = PBXFileReference; lastKnownFileType = sourcecode.swift; path = SceneDelegate.swift; sourceTree = "<group>"; };
		6B0E9DD027524CCF00B0E946 /* dcinside_iOS.xcdatamodel */ = {isa = PBXFileReference; lastKnownFileType = wrapper.xcdatamodel; path = dcinside_iOS.xcdatamodel; sourceTree = "<group>"; };
		6B0E9DD227524CD000B0E946 /* Assets.xcassets */ = {isa = PBXFileReference; lastKnownFileType = folder.assetcatalog; path = Assets.xcassets; sourceTree = "<group>"; };
		6B0E9DD527524CD000B0E946 /* Base */ = {isa = PBXFileReference; lastKnownFileType = file.storyboard; name = Base; path = Base.lproj/LaunchScreen.storyboard; sourceTree = "<group>"; };
		6B0E9DD727524CD000B0E946 /* Info.plist */ = {isa = PBXFileReference; lastKnownFileType = text.plist.xml; path = Info.plist; sourceTree = "<group>"; };
		6B0E9DDC27524CD000B0E946 /* dcinside_iOSTests.xctest */ = {isa = PBXFileReference; explicitFileType = wrapper.cfbundle; includeInIndex = 0; path = dcinside_iOSTests.xctest; sourceTree = BUILT_PRODUCTS_DIR; };
		6B0E9DE027524CD000B0E946 /* dcinside_iOSTests.swift */ = {isa = PBXFileReference; lastKnownFileType = sourcecode.swift; path = dcinside_iOSTests.swift; sourceTree = "<group>"; };
		6B0E9DE227524CD000B0E946 /* Info.plist */ = {isa = PBXFileReference; lastKnownFileType = text.plist.xml; path = Info.plist; sourceTree = "<group>"; };
		6B0E9DE727524CD000B0E946 /* dcinside_iOSUITests.xctest */ = {isa = PBXFileReference; explicitFileType = wrapper.cfbundle; includeInIndex = 0; path = dcinside_iOSUITests.xctest; sourceTree = BUILT_PRODUCTS_DIR; };
		6B0E9DEB27524CD000B0E946 /* dcinside_iOSUITests.swift */ = {isa = PBXFileReference; lastKnownFileType = sourcecode.swift; path = dcinside_iOSUITests.swift; sourceTree = "<group>"; };
		6B0E9DED27524CD000B0E946 /* Info.plist */ = {isa = PBXFileReference; lastKnownFileType = text.plist.xml; path = Info.plist; sourceTree = "<group>"; };
		723830BE275A2B97006B0F49 /* APIService.swift */ = {isa = PBXFileReference; lastKnownFileType = sourcecode.swift; path = APIService.swift; sourceTree = "<group>"; };
		726EA7AC275A534500EB2D83 /* KeyChain.swift */ = {isa = PBXFileReference; lastKnownFileType = sourcecode.swift; path = KeyChain.swift; sourceTree = "<group>"; };
		7B73B139280B1B0E002E4015 /* MainSceneViewController.swift */ = {isa = PBXFileReference; fileEncoding = 4; lastKnownFileType = sourcecode.swift; path = MainSceneViewController.swift; sourceTree = "<group>"; };
		7B73B13A280B1B0E002E4015 /* MainScenePresenter.swift */ = {isa = PBXFileReference; fileEncoding = 4; lastKnownFileType = sourcecode.swift; path = MainScenePresenter.swift; sourceTree = "<group>"; };
		7BE2228127FDE4C2005DA880 /* MenuSceneViewController.swift */ = {isa = PBXFileReference; lastKnownFileType = sourcecode.swift; path = MenuSceneViewController.swift; sourceTree = "<group>"; };
		7BE2228327FDE4CB005DA880 /* MenuScenePresenter.swift */ = {isa = PBXFileReference; lastKnownFileType = sourcecode.swift; path = MenuScenePresenter.swift; sourceTree = "<group>"; };
		7BF3E60D280C433300F4126E /* SignInSceneViewController.swift */ = {isa = PBXFileReference; lastKnownFileType = sourcecode.swift; path = SignInSceneViewController.swift; sourceTree = "<group>"; };
		7BF3E60F280C433F00F4126E /* SignInPresenter.swift */ = {isa = PBXFileReference; lastKnownFileType = sourcecode.swift; path = SignInPresenter.swift; sourceTree = "<group>"; };
		7BF3E613280C67BF00F4126E /* SignInInfo.swift */ = {isa = PBXFileReference; lastKnownFileType = sourcecode.swift; path = SignInInfo.swift; sourceTree = "<group>"; };
		7BF3E615280C683700F4126E /* SignInResult.swift */ = {isa = PBXFileReference; lastKnownFileType = sourcecode.swift; path = SignInResult.swift; sourceTree = "<group>"; };
		7BF3E617280C687B00F4126E /* SignInResponse.swift */ = {isa = PBXFileReference; lastKnownFileType = sourcecode.swift; path = SignInResponse.swift; sourceTree = "<group>"; };
		7BF3E619280C68FD00F4126E /* responseError.swift */ = {isa = PBXFileReference; lastKnownFileType = sourcecode.swift; path = responseError.swift; sourceTree = "<group>"; };
		7BF3E61C280D799200F4126E /* SignUpSceneViewController.swift */ = {isa = PBXFileReference; lastKnownFileType = sourcecode.swift; path = SignUpSceneViewController.swift; sourceTree = "<group>"; };
		7BF3E61E280D799E00F4126E /* SignUpScenePresenter.swift */ = {isa = PBXFileReference; lastKnownFileType = sourcecode.swift; path = SignUpScenePresenter.swift; sourceTree = "<group>"; };
		7BF3E620280D984700F4126E /* SignUpSceneModel.swift */ = {isa = PBXFileReference; lastKnownFileType = sourcecode.swift; path = SignUpSceneModel.swift; sourceTree = "<group>"; };
		7BF3E622280DA05F00F4126E /* SignUpInfo.swift */ = {isa = PBXFileReference; lastKnownFileType = sourcecode.swift; path = SignUpInfo.swift; sourceTree = "<group>"; };
		7BF3E624280DA34D00F4126E /* SignUpResponse.swift */ = {isa = PBXFileReference; lastKnownFileType = sourcecode.swift; path = SignUpResponse.swift; sourceTree = "<group>"; };
		8B3789E2BBFE5F2D389D38DF /* Pods_dcinside_iOS_dcinside_iOSUITests.framework */ = {isa = PBXFileReference; explicitFileType = wrapper.framework; includeInIndex = 0; path = Pods_dcinside_iOS_dcinside_iOSUITests.framework; sourceTree = BUILT_PRODUCTS_DIR; };
		AE1158103951A4FB7AA43372 /* Pods_dcinside_iOS.framework */ = {isa = PBXFileReference; explicitFileType = wrapper.framework; includeInIndex = 0; path = Pods_dcinside_iOS.framework; sourceTree = BUILT_PRODUCTS_DIR; };
		C9D7B19436E0E14A4F524FA8 /* Pods_dcinside_iOSTests.framework */ = {isa = PBXFileReference; explicitFileType = wrapper.framework; includeInIndex = 0; path = Pods_dcinside_iOSTests.framework; sourceTree = BUILT_PRODUCTS_DIR; };
		E0BBDFD47D4E714791A6D341 /* Pods-dcinside_iOS-dcinside_iOSUITests.release.xcconfig */ = {isa = PBXFileReference; includeInIndex = 1; lastKnownFileType = text.xcconfig; name = "Pods-dcinside_iOS-dcinside_iOSUITests.release.xcconfig"; path = "Target Support Files/Pods-dcinside_iOS-dcinside_iOSUITests/Pods-dcinside_iOS-dcinside_iOSUITests.release.xcconfig"; sourceTree = "<group>"; };
/* End PBXFileReference section */

/* Begin PBXFrameworksBuildPhase section */
		6B0E9DC027524CCF00B0E946 /* Frameworks */ = {
			isa = PBXFrameworksBuildPhase;
			buildActionMask = 2147483647;
			files = (
				FCB0A5A54025DB78944510EC /* Pods_dcinside_iOS.framework in Frameworks */,
			);
			runOnlyForDeploymentPostprocessing = 0;
		};
		6B0E9DD927524CD000B0E946 /* Frameworks */ = {
			isa = PBXFrameworksBuildPhase;
			buildActionMask = 2147483647;
			files = (
				FCFF292416A684B208A02B01 /* Pods_dcinside_iOSTests.framework in Frameworks */,
			);
			runOnlyForDeploymentPostprocessing = 0;
		};
		6B0E9DE427524CD000B0E946 /* Frameworks */ = {
			isa = PBXFrameworksBuildPhase;
			buildActionMask = 2147483647;
			files = (
				661EB35A8BAB4E466D0B5004 /* Pods_dcinside_iOS_dcinside_iOSUITests.framework in Frameworks */,
			);
			runOnlyForDeploymentPostprocessing = 0;
		};
/* End PBXFrameworksBuildPhase section */

/* Begin PBXGroup section */
		43311FB1343B55377ED89920 /* Frameworks */ = {
			isa = PBXGroup;
			children = (
				AE1158103951A4FB7AA43372 /* Pods_dcinside_iOS.framework */,
				8B3789E2BBFE5F2D389D38DF /* Pods_dcinside_iOS_dcinside_iOSUITests.framework */,
				C9D7B19436E0E14A4F524FA8 /* Pods_dcinside_iOSTests.framework */,
			);
			name = Frameworks;
			sourceTree = "<group>";
		};
		61127E4634013D999C3C4AFF /* Pods */ = {
			isa = PBXGroup;
			children = (
				458736BEB885EBB424908E8F /* Pods-dcinside_iOS.debug.xcconfig */,
				1A822C4E8095734F995873E8 /* Pods-dcinside_iOS.release.xcconfig */,
				0E28A9C3B3BF8B539BA6D984 /* Pods-dcinside_iOS-dcinside_iOSUITests.debug.xcconfig */,
				E0BBDFD47D4E714791A6D341 /* Pods-dcinside_iOS-dcinside_iOSUITests.release.xcconfig */,
				07F4818E22AEF5FCB59D8639 /* Pods-dcinside_iOSTests.debug.xcconfig */,
				464B12AA14FBC1D9C6367484 /* Pods-dcinside_iOSTests.release.xcconfig */,
			);
			path = Pods;
			sourceTree = "<group>";
		};
		6B0E9DBA27524CCF00B0E946 = {
			isa = PBXGroup;
			children = (
				7BF3E612280C67B200F4126E /* Entity */,
				7BE2227F27FDE465005DA880 /* Scene */,
				723830BD275A265D006B0F49 /* APIs */,
				6B0E9DC527524CCF00B0E946 /* dcinside_iOS */,
				6B0E9DDF27524CD000B0E946 /* dcinside_iOSTests */,
				6B0E9DEA27524CD000B0E946 /* dcinside_iOSUITests */,
				6B0E9DC427524CCF00B0E946 /* Products */,
				61127E4634013D999C3C4AFF /* Pods */,
				43311FB1343B55377ED89920 /* Frameworks */,
			);
			sourceTree = "<group>";
		};
		6B0E9DC427524CCF00B0E946 /* Products */ = {
			isa = PBXGroup;
			children = (
				6B0E9DC327524CCF00B0E946 /* dcinside_iOS.app */,
				6B0E9DDC27524CD000B0E946 /* dcinside_iOSTests.xctest */,
				6B0E9DE727524CD000B0E946 /* dcinside_iOSUITests.xctest */,
			);
			name = Products;
			sourceTree = "<group>";
		};
		6B0E9DC527524CCF00B0E946 /* dcinside_iOS */ = {
			isa = PBXGroup;
			children = (
				6B0E9DC627524CCF00B0E946 /* AppDelegate.swift */,
				6B0E9DC827524CCF00B0E946 /* SceneDelegate.swift */,
				6B0E9DD227524CD000B0E946 /* Assets.xcassets */,
				6B0E9DD427524CD000B0E946 /* LaunchScreen.storyboard */,
				6B0E9DD727524CD000B0E946 /* Info.plist */,
				6B0E9DCF27524CCF00B0E946 /* dcinside_iOS.xcdatamodeld */,
			);
			path = dcinside_iOS;
			sourceTree = "<group>";
		};
		6B0E9DDF27524CD000B0E946 /* dcinside_iOSTests */ = {
			isa = PBXGroup;
			children = (
				6B0E9DE027524CD000B0E946 /* dcinside_iOSTests.swift */,
				6B0E9DE227524CD000B0E946 /* Info.plist */,
			);
			path = dcinside_iOSTests;
			sourceTree = "<group>";
		};
		6B0E9DEA27524CD000B0E946 /* dcinside_iOSUITests */ = {
			isa = PBXGroup;
			children = (
				6B0E9DEB27524CD000B0E946 /* dcinside_iOSUITests.swift */,
				6B0E9DED27524CD000B0E946 /* Info.plist */,
			);
			path = dcinside_iOSUITests;
			sourceTree = "<group>";
		};
		723830BD275A265D006B0F49 /* APIs */ = {
			isa = PBXGroup;
			children = (
				723830BE275A2B97006B0F49 /* APIService.swift */,
				726EA7AC275A534500EB2D83 /* KeyChain.swift */,
			);
			path = APIs;
			sourceTree = "<group>";
		};
		7B73B138280B1B0E002E4015 /* MainScene */ = {
			isa = PBXGroup;
			children = (
				7B73B139280B1B0E002E4015 /* MainSceneViewController.swift */,
				7B73B13A280B1B0E002E4015 /* MainScenePresenter.swift */,
			);
			path = MainScene;
			sourceTree = "<group>";
		};
		7BE2227F27FDE465005DA880 /* Scene */ = {
			isa = PBXGroup;
			children = (
				7B73B138280B1B0E002E4015 /* MainScene */,
				7BE2228027FDE4AD005DA880 /* MenuScene */,
				7BF3E611280C434300F4126E /* SignInScene */,
				7BF3E61B280D796200F4126E /* SignUpScene */,
			);
			path = Scene;
			sourceTree = "<group>";
		};
		7BE2228027FDE4AD005DA880 /* MenuScene */ = {
			isa = PBXGroup;
			children = (
				7BE2228127FDE4C2005DA880 /* MenuSceneViewController.swift */,
				7BE2228327FDE4CB005DA880 /* MenuScenePresenter.swift */,
			);
			path = MenuScene;
			sourceTree = "<group>";
		};
		7BF3E611280C434300F4126E /* SignInScene */ = {
			isa = PBXGroup;
			children = (
				7BF3E60D280C433300F4126E /* SignInSceneViewController.swift */,
				7BF3E60F280C433F00F4126E /* SignInPresenter.swift */,
			);
			path = SignInScene;
			sourceTree = "<group>";
		};
		7BF3E612280C67B200F4126E /* Entity */ = {
			isa = PBXGroup;
			children = (
				7BF3E613280C67BF00F4126E /* SignInInfo.swift */,
				7BF3E615280C683700F4126E /* SignInResult.swift */,
				7BF3E617280C687B00F4126E /* SignInResponse.swift */,
				7BF3E619280C68FD00F4126E /* responseError.swift */,
				7BF3E622280DA05F00F4126E /* SignUpInfo.swift */,
				7BF3E624280DA34D00F4126E /* SignUpResponse.swift */,
			);
			path = Entity;
			sourceTree = "<group>";
		};
		7BF3E61B280D796200F4126E /* SignUpScene */ = {
			isa = PBXGroup;
			children = (
				7BF3E61C280D799200F4126E /* SignUpSceneViewController.swift */,
				7BF3E61E280D799E00F4126E /* SignUpScenePresenter.swift */,
				7BF3E620280D984700F4126E /* SignUpSceneModel.swift */,
			);
			path = SignUpScene;
			sourceTree = "<group>";
		};
/* End PBXGroup section */

/* Begin PBXNativeTarget section */
		6B0E9DC227524CCF00B0E946 /* dcinside_iOS */ = {
			isa = PBXNativeTarget;
			buildConfigurationList = 6B0E9DF027524CD000B0E946 /* Build configuration list for PBXNativeTarget "dcinside_iOS" */;
			buildPhases = (
				531A57D1DC2558F577445775 /* [CP] Check Pods Manifest.lock */,
				6B0E9DBF27524CCF00B0E946 /* Sources */,
				6B0E9DC027524CCF00B0E946 /* Frameworks */,
				6B0E9DC127524CCF00B0E946 /* Resources */,
				8CBCDEF8DCEBB544BCEC2ABC /* [CP] Embed Pods Frameworks */,
			);
			buildRules = (
			);
			dependencies = (
			);
			name = dcinside_iOS;
			productName = dcinside_iOS;
			productReference = 6B0E9DC327524CCF00B0E946 /* dcinside_iOS.app */;
			productType = "com.apple.product-type.application";
		};
		6B0E9DDB27524CD000B0E946 /* dcinside_iOSTests */ = {
			isa = PBXNativeTarget;
			buildConfigurationList = 6B0E9DF327524CD000B0E946 /* Build configuration list for PBXNativeTarget "dcinside_iOSTests" */;
			buildPhases = (
				035E8B7E7FE7BF3A2779D187 /* [CP] Check Pods Manifest.lock */,
				6B0E9DD827524CD000B0E946 /* Sources */,
				6B0E9DD927524CD000B0E946 /* Frameworks */,
				6B0E9DDA27524CD000B0E946 /* Resources */,
			);
			buildRules = (
			);
			dependencies = (
				6B0E9DDE27524CD000B0E946 /* PBXTargetDependency */,
			);
			name = dcinside_iOSTests;
			productName = dcinside_iOSTests;
			productReference = 6B0E9DDC27524CD000B0E946 /* dcinside_iOSTests.xctest */;
			productType = "com.apple.product-type.bundle.unit-test";
		};
		6B0E9DE627524CD000B0E946 /* dcinside_iOSUITests */ = {
			isa = PBXNativeTarget;
			buildConfigurationList = 6B0E9DF627524CD000B0E946 /* Build configuration list for PBXNativeTarget "dcinside_iOSUITests" */;
			buildPhases = (
				48FBA618257DABF98CAC8E3F /* [CP] Check Pods Manifest.lock */,
				6B0E9DE327524CD000B0E946 /* Sources */,
				6B0E9DE427524CD000B0E946 /* Frameworks */,
				6B0E9DE527524CD000B0E946 /* Resources */,
				F0C56CD8CCF72B301C5E5603 /* [CP] Embed Pods Frameworks */,
			);
			buildRules = (
			);
			dependencies = (
				6B0E9DE927524CD000B0E946 /* PBXTargetDependency */,
			);
			name = dcinside_iOSUITests;
			productName = dcinside_iOSUITests;
			productReference = 6B0E9DE727524CD000B0E946 /* dcinside_iOSUITests.xctest */;
			productType = "com.apple.product-type.bundle.ui-testing";
		};
/* End PBXNativeTarget section */

/* Begin PBXProject section */
		6B0E9DBB27524CCF00B0E946 /* Project object */ = {
			isa = PBXProject;
			attributes = {
				LastSwiftUpdateCheck = 1250;
				LastUpgradeCheck = 1250;
				TargetAttributes = {
					6B0E9DC227524CCF00B0E946 = {
						CreatedOnToolsVersion = 12.5;
					};
					6B0E9DDB27524CD000B0E946 = {
						CreatedOnToolsVersion = 12.5;
						TestTargetID = 6B0E9DC227524CCF00B0E946;
					};
					6B0E9DE627524CD000B0E946 = {
						CreatedOnToolsVersion = 12.5;
						TestTargetID = 6B0E9DC227524CCF00B0E946;
					};
				};
			};
			buildConfigurationList = 6B0E9DBE27524CCF00B0E946 /* Build configuration list for PBXProject "dcinside_iOS" */;
			compatibilityVersion = "Xcode 9.3";
			developmentRegion = en;
			hasScannedForEncodings = 0;
			knownRegions = (
				en,
				Base,
			);
			mainGroup = 6B0E9DBA27524CCF00B0E946;
			productRefGroup = 6B0E9DC427524CCF00B0E946 /* Products */;
			projectDirPath = "";
			projectRoot = "";
			targets = (
				6B0E9DC227524CCF00B0E946 /* dcinside_iOS */,
				6B0E9DDB27524CD000B0E946 /* dcinside_iOSTests */,
				6B0E9DE627524CD000B0E946 /* dcinside_iOSUITests */,
			);
		};
/* End PBXProject section */

/* Begin PBXResourcesBuildPhase section */
		6B0E9DC127524CCF00B0E946 /* Resources */ = {
			isa = PBXResourcesBuildPhase;
			buildActionMask = 2147483647;
			files = (
				6B0E9DD627524CD000B0E946 /* LaunchScreen.storyboard in Resources */,
				6B0E9DD327524CD000B0E946 /* Assets.xcassets in Resources */,
			);
			runOnlyForDeploymentPostprocessing = 0;
		};
		6B0E9DDA27524CD000B0E946 /* Resources */ = {
			isa = PBXResourcesBuildPhase;
			buildActionMask = 2147483647;
			files = (
			);
			runOnlyForDeploymentPostprocessing = 0;
		};
		6B0E9DE527524CD000B0E946 /* Resources */ = {
			isa = PBXResourcesBuildPhase;
			buildActionMask = 2147483647;
			files = (
			);
			runOnlyForDeploymentPostprocessing = 0;
		};
/* End PBXResourcesBuildPhase section */

/* Begin PBXShellScriptBuildPhase section */
		035E8B7E7FE7BF3A2779D187 /* [CP] Check Pods Manifest.lock */ = {
			isa = PBXShellScriptBuildPhase;
			buildActionMask = 2147483647;
			files = (
			);
			inputFileListPaths = (
			);
			inputPaths = (
				"${PODS_PODFILE_DIR_PATH}/Podfile.lock",
				"${PODS_ROOT}/Manifest.lock",
			);
			name = "[CP] Check Pods Manifest.lock";
			outputFileListPaths = (
			);
			outputPaths = (
				"$(DERIVED_FILE_DIR)/Pods-dcinside_iOSTests-checkManifestLockResult.txt",
			);
			runOnlyForDeploymentPostprocessing = 0;
			shellPath = /bin/sh;
			shellScript = "diff \"${PODS_PODFILE_DIR_PATH}/Podfile.lock\" \"${PODS_ROOT}/Manifest.lock\" > /dev/null\nif [ $? != 0 ] ; then\n    # print error to STDERR\n    echo \"error: The sandbox is not in sync with the Podfile.lock. Run 'pod install' or update your CocoaPods installation.\" >&2\n    exit 1\nfi\n# This output is used by Xcode 'outputs' to avoid re-running this script phase.\necho \"SUCCESS\" > \"${SCRIPT_OUTPUT_FILE_0}\"\n";
			showEnvVarsInLog = 0;
		};
		48FBA618257DABF98CAC8E3F /* [CP] Check Pods Manifest.lock */ = {
			isa = PBXShellScriptBuildPhase;
			buildActionMask = 2147483647;
			files = (
			);
			inputFileListPaths = (
			);
			inputPaths = (
				"${PODS_PODFILE_DIR_PATH}/Podfile.lock",
				"${PODS_ROOT}/Manifest.lock",
			);
			name = "[CP] Check Pods Manifest.lock";
			outputFileListPaths = (
			);
			outputPaths = (
				"$(DERIVED_FILE_DIR)/Pods-dcinside_iOS-dcinside_iOSUITests-checkManifestLockResult.txt",
			);
			runOnlyForDeploymentPostprocessing = 0;
			shellPath = /bin/sh;
			shellScript = "diff \"${PODS_PODFILE_DIR_PATH}/Podfile.lock\" \"${PODS_ROOT}/Manifest.lock\" > /dev/null\nif [ $? != 0 ] ; then\n    # print error to STDERR\n    echo \"error: The sandbox is not in sync with the Podfile.lock. Run 'pod install' or update your CocoaPods installation.\" >&2\n    exit 1\nfi\n# This output is used by Xcode 'outputs' to avoid re-running this script phase.\necho \"SUCCESS\" > \"${SCRIPT_OUTPUT_FILE_0}\"\n";
			showEnvVarsInLog = 0;
		};
		531A57D1DC2558F577445775 /* [CP] Check Pods Manifest.lock */ = {
			isa = PBXShellScriptBuildPhase;
			buildActionMask = 2147483647;
			files = (
			);
			inputFileListPaths = (
			);
			inputPaths = (
				"${PODS_PODFILE_DIR_PATH}/Podfile.lock",
				"${PODS_ROOT}/Manifest.lock",
			);
			name = "[CP] Check Pods Manifest.lock";
			outputFileListPaths = (
			);
			outputPaths = (
				"$(DERIVED_FILE_DIR)/Pods-dcinside_iOS-checkManifestLockResult.txt",
			);
			runOnlyForDeploymentPostprocessing = 0;
			shellPath = /bin/sh;
			shellScript = "diff \"${PODS_PODFILE_DIR_PATH}/Podfile.lock\" \"${PODS_ROOT}/Manifest.lock\" > /dev/null\nif [ $? != 0 ] ; then\n    # print error to STDERR\n    echo \"error: The sandbox is not in sync with the Podfile.lock. Run 'pod install' or update your CocoaPods installation.\" >&2\n    exit 1\nfi\n# This output is used by Xcode 'outputs' to avoid re-running this script phase.\necho \"SUCCESS\" > \"${SCRIPT_OUTPUT_FILE_0}\"\n";
			showEnvVarsInLog = 0;
		};
		8CBCDEF8DCEBB544BCEC2ABC /* [CP] Embed Pods Frameworks */ = {
			isa = PBXShellScriptBuildPhase;
			buildActionMask = 2147483647;
			files = (
			);
			inputFileListPaths = (
				"${PODS_ROOT}/Target Support Files/Pods-dcinside_iOS/Pods-dcinside_iOS-frameworks-${CONFIGURATION}-input-files.xcfilelist",
			);
			name = "[CP] Embed Pods Frameworks";
			outputFileListPaths = (
				"${PODS_ROOT}/Target Support Files/Pods-dcinside_iOS/Pods-dcinside_iOS-frameworks-${CONFIGURATION}-output-files.xcfilelist",
			);
			runOnlyForDeploymentPostprocessing = 0;
			shellPath = /bin/sh;
			shellScript = "\"${PODS_ROOT}/Target Support Files/Pods-dcinside_iOS/Pods-dcinside_iOS-frameworks.sh\"\n";
			showEnvVarsInLog = 0;
		};
		F0C56CD8CCF72B301C5E5603 /* [CP] Embed Pods Frameworks */ = {
			isa = PBXShellScriptBuildPhase;
			buildActionMask = 2147483647;
			files = (
			);
			inputFileListPaths = (
				"${PODS_ROOT}/Target Support Files/Pods-dcinside_iOS-dcinside_iOSUITests/Pods-dcinside_iOS-dcinside_iOSUITests-frameworks-${CONFIGURATION}-input-files.xcfilelist",
			);
			name = "[CP] Embed Pods Frameworks";
			outputFileListPaths = (
				"${PODS_ROOT}/Target Support Files/Pods-dcinside_iOS-dcinside_iOSUITests/Pods-dcinside_iOS-dcinside_iOSUITests-frameworks-${CONFIGURATION}-output-files.xcfilelist",
			);
			runOnlyForDeploymentPostprocessing = 0;
			shellPath = /bin/sh;
			shellScript = "\"${PODS_ROOT}/Target Support Files/Pods-dcinside_iOS-dcinside_iOSUITests/Pods-dcinside_iOS-dcinside_iOSUITests-frameworks.sh\"\n";
			showEnvVarsInLog = 0;
		};
/* End PBXShellScriptBuildPhase section */

/* Begin PBXSourcesBuildPhase section */
		6B0E9DBF27524CCF00B0E946 /* Sources */ = {
			isa = PBXSourcesBuildPhase;
			buildActionMask = 2147483647;
			files = (
				7BF3E616280C683700F4126E /* SignInResult.swift in Sources */,
				6B0E9DC727524CCF00B0E946 /* AppDelegate.swift in Sources */,
				6B0E9DD127524CCF00B0E946 /* dcinside_iOS.xcdatamodeld in Sources */,
				7BF3E61F280D799E00F4126E /* SignUpScenePresenter.swift in Sources */,
				7B73B13B280B1B0E002E4015 /* MainSceneViewController.swift in Sources */,
				7BF3E610280C433F00F4126E /* SignInPresenter.swift in Sources */,
				7BF3E625280DA34D00F4126E /* SignUpResponse.swift in Sources */,
				7BF3E618280C687B00F4126E /* SignInResponse.swift in Sources */,
				7BE2228227FDE4C2005DA880 /* MenuSceneViewController.swift in Sources */,
				7BE2228427FDE4CB005DA880 /* MenuScenePresenter.swift in Sources */,
				7BF3E61A280C68FD00F4126E /* responseError.swift in Sources */,
				6B0E9DC927524CCF00B0E946 /* SceneDelegate.swift in Sources */,
				723830BF275A2B97006B0F49 /* APIService.swift in Sources */,
				7BF3E60E280C433300F4126E /* SignInSceneViewController.swift in Sources */,
				726EA7AD275A534500EB2D83 /* KeyChain.swift in Sources */,
				7BF3E621280D984700F4126E /* SignUpSceneModel.swift in Sources */,
				7BF3E623280DA05F00F4126E /* SignUpInfo.swift in Sources */,
				7BF3E61D280D799200F4126E /* SignUpSceneViewController.swift in Sources */,
				7B73B13C280B1B0E002E4015 /* MainScenePresenter.swift in Sources */,
				7BF3E614280C67BF00F4126E /* SignInInfo.swift in Sources */,
			);
			runOnlyForDeploymentPostprocessing = 0;
		};
		6B0E9DD827524CD000B0E946 /* Sources */ = {
			isa = PBXSourcesBuildPhase;
			buildActionMask = 2147483647;
			files = (
				6B0E9DE127524CD000B0E946 /* dcinside_iOSTests.swift in Sources */,
			);
			runOnlyForDeploymentPostprocessing = 0;
		};
		6B0E9DE327524CD000B0E946 /* Sources */ = {
			isa = PBXSourcesBuildPhase;
			buildActionMask = 2147483647;
			files = (
				6B0E9DEC27524CD000B0E946 /* dcinside_iOSUITests.swift in Sources */,
			);
			runOnlyForDeploymentPostprocessing = 0;
		};
/* End PBXSourcesBuildPhase section */

/* Begin PBXTargetDependency section */
		6B0E9DDE27524CD000B0E946 /* PBXTargetDependency */ = {
			isa = PBXTargetDependency;
			target = 6B0E9DC227524CCF00B0E946 /* dcinside_iOS */;
			targetProxy = 6B0E9DDD27524CD000B0E946 /* PBXContainerItemProxy */;
		};
		6B0E9DE927524CD000B0E946 /* PBXTargetDependency */ = {
			isa = PBXTargetDependency;
			target = 6B0E9DC227524CCF00B0E946 /* dcinside_iOS */;
			targetProxy = 6B0E9DE827524CD000B0E946 /* PBXContainerItemProxy */;
		};
/* End PBXTargetDependency section */

/* Begin PBXVariantGroup section */
		6B0E9DD427524CD000B0E946 /* LaunchScreen.storyboard */ = {
			isa = PBXVariantGroup;
			children = (
				6B0E9DD527524CD000B0E946 /* Base */,
			);
			name = LaunchScreen.storyboard;
			sourceTree = "<group>";
		};
/* End PBXVariantGroup section */

/* Begin XCBuildConfiguration section */
		6B0E9DEE27524CD000B0E946 /* Debug */ = {
			isa = XCBuildConfiguration;
			buildSettings = {
				ALWAYS_SEARCH_USER_PATHS = NO;
				CLANG_ANALYZER_NONNULL = YES;
				CLANG_ANALYZER_NUMBER_OBJECT_CONVERSION = YES_AGGRESSIVE;
				CLANG_CXX_LANGUAGE_STANDARD = "gnu++14";
				CLANG_CXX_LIBRARY = "libc++";
				CLANG_ENABLE_MODULES = YES;
				CLANG_ENABLE_OBJC_ARC = YES;
				CLANG_ENABLE_OBJC_WEAK = YES;
				CLANG_WARN_BLOCK_CAPTURE_AUTORELEASING = YES;
				CLANG_WARN_BOOL_CONVERSION = YES;
				CLANG_WARN_COMMA = YES;
				CLANG_WARN_CONSTANT_CONVERSION = YES;
				CLANG_WARN_DEPRECATED_OBJC_IMPLEMENTATIONS = YES;
				CLANG_WARN_DIRECT_OBJC_ISA_USAGE = YES_ERROR;
				CLANG_WARN_DOCUMENTATION_COMMENTS = YES;
				CLANG_WARN_EMPTY_BODY = YES;
				CLANG_WARN_ENUM_CONVERSION = YES;
				CLANG_WARN_INFINITE_RECURSION = YES;
				CLANG_WARN_INT_CONVERSION = YES;
				CLANG_WARN_NON_LITERAL_NULL_CONVERSION = YES;
				CLANG_WARN_OBJC_IMPLICIT_RETAIN_SELF = YES;
				CLANG_WARN_OBJC_LITERAL_CONVERSION = YES;
				CLANG_WARN_OBJC_ROOT_CLASS = YES_ERROR;
				CLANG_WARN_QUOTED_INCLUDE_IN_FRAMEWORK_HEADER = YES;
				CLANG_WARN_RANGE_LOOP_ANALYSIS = YES;
				CLANG_WARN_STRICT_PROTOTYPES = YES;
				CLANG_WARN_SUSPICIOUS_MOVE = YES;
				CLANG_WARN_UNGUARDED_AVAILABILITY = YES_AGGRESSIVE;
				CLANG_WARN_UNREACHABLE_CODE = YES;
				CLANG_WARN__DUPLICATE_METHOD_MATCH = YES;
				COPY_PHASE_STRIP = NO;
				DEBUG_INFORMATION_FORMAT = dwarf;
				ENABLE_STRICT_OBJC_MSGSEND = YES;
				ENABLE_TESTABILITY = YES;
				GCC_C_LANGUAGE_STANDARD = gnu11;
				GCC_DYNAMIC_NO_PIC = NO;
				GCC_NO_COMMON_BLOCKS = YES;
				GCC_OPTIMIZATION_LEVEL = 0;
				GCC_PREPROCESSOR_DEFINITIONS = (
					"DEBUG=1",
					"$(inherited)",
				);
				GCC_WARN_64_TO_32_BIT_CONVERSION = YES;
				GCC_WARN_ABOUT_RETURN_TYPE = YES_ERROR;
				GCC_WARN_UNDECLARED_SELECTOR = YES;
				GCC_WARN_UNINITIALIZED_AUTOS = YES_AGGRESSIVE;
				GCC_WARN_UNUSED_FUNCTION = YES;
				GCC_WARN_UNUSED_VARIABLE = YES;
				IPHONEOS_DEPLOYMENT_TARGET = 14.5;
				MTL_ENABLE_DEBUG_INFO = INCLUDE_SOURCE;
				MTL_FAST_MATH = YES;
				ONLY_ACTIVE_ARCH = YES;
				SDKROOT = iphoneos;
				SWIFT_ACTIVE_COMPILATION_CONDITIONS = DEBUG;
				SWIFT_OPTIMIZATION_LEVEL = "-Onone";
			};
			name = Debug;
		};
		6B0E9DEF27524CD000B0E946 /* Release */ = {
			isa = XCBuildConfiguration;
			buildSettings = {
				ALWAYS_SEARCH_USER_PATHS = NO;
				CLANG_ANALYZER_NONNULL = YES;
				CLANG_ANALYZER_NUMBER_OBJECT_CONVERSION = YES_AGGRESSIVE;
				CLANG_CXX_LANGUAGE_STANDARD = "gnu++14";
				CLANG_CXX_LIBRARY = "libc++";
				CLANG_ENABLE_MODULES = YES;
				CLANG_ENABLE_OBJC_ARC = YES;
				CLANG_ENABLE_OBJC_WEAK = YES;
				CLANG_WARN_BLOCK_CAPTURE_AUTORELEASING = YES;
				CLANG_WARN_BOOL_CONVERSION = YES;
				CLANG_WARN_COMMA = YES;
				CLANG_WARN_CONSTANT_CONVERSION = YES;
				CLANG_WARN_DEPRECATED_OBJC_IMPLEMENTATIONS = YES;
				CLANG_WARN_DIRECT_OBJC_ISA_USAGE = YES_ERROR;
				CLANG_WARN_DOCUMENTATION_COMMENTS = YES;
				CLANG_WARN_EMPTY_BODY = YES;
				CLANG_WARN_ENUM_CONVERSION = YES;
				CLANG_WARN_INFINITE_RECURSION = YES;
				CLANG_WARN_INT_CONVERSION = YES;
				CLANG_WARN_NON_LITERAL_NULL_CONVERSION = YES;
				CLANG_WARN_OBJC_IMPLICIT_RETAIN_SELF = YES;
				CLANG_WARN_OBJC_LITERAL_CONVERSION = YES;
				CLANG_WARN_OBJC_ROOT_CLASS = YES_ERROR;
				CLANG_WARN_QUOTED_INCLUDE_IN_FRAMEWORK_HEADER = YES;
				CLANG_WARN_RANGE_LOOP_ANALYSIS = YES;
				CLANG_WARN_STRICT_PROTOTYPES = YES;
				CLANG_WARN_SUSPICIOUS_MOVE = YES;
				CLANG_WARN_UNGUARDED_AVAILABILITY = YES_AGGRESSIVE;
				CLANG_WARN_UNREACHABLE_CODE = YES;
				CLANG_WARN__DUPLICATE_METHOD_MATCH = YES;
				COPY_PHASE_STRIP = NO;
				DEBUG_INFORMATION_FORMAT = "dwarf-with-dsym";
				ENABLE_NS_ASSERTIONS = NO;
				ENABLE_STRICT_OBJC_MSGSEND = YES;
				GCC_C_LANGUAGE_STANDARD = gnu11;
				GCC_NO_COMMON_BLOCKS = YES;
				GCC_WARN_64_TO_32_BIT_CONVERSION = YES;
				GCC_WARN_ABOUT_RETURN_TYPE = YES_ERROR;
				GCC_WARN_UNDECLARED_SELECTOR = YES;
				GCC_WARN_UNINITIALIZED_AUTOS = YES_AGGRESSIVE;
				GCC_WARN_UNUSED_FUNCTION = YES;
				GCC_WARN_UNUSED_VARIABLE = YES;
				IPHONEOS_DEPLOYMENT_TARGET = 14.5;
				MTL_ENABLE_DEBUG_INFO = NO;
				MTL_FAST_MATH = YES;
				SDKROOT = iphoneos;
				SWIFT_COMPILATION_MODE = wholemodule;
				SWIFT_OPTIMIZATION_LEVEL = "-O";
				VALIDATE_PRODUCT = YES;
			};
			name = Release;
		};
		6B0E9DF127524CD000B0E946 /* Debug */ = {
			isa = XCBuildConfiguration;
			baseConfigurationReference = 458736BEB885EBB424908E8F /* Pods-dcinside_iOS.debug.xcconfig */;
			buildSettings = {
				ASSETCATALOG_COMPILER_APPICON_NAME = AppIcon;
				ASSETCATALOG_COMPILER_GLOBAL_ACCENT_COLOR_NAME = AccentColor;
				CODE_SIGN_STYLE = Automatic;
				DEVELOPMENT_TEAM = QA36XKL5W8;
				INFOPLIST_FILE = dcinside_iOS/Info.plist;
				LD_RUNPATH_SEARCH_PATHS = (
					"$(inherited)",
					"@executable_path/Frameworks",
				);
				PRODUCT_BUNDLE_IDENTIFIER = "ExodusFromSamsung.dcinside-iOS";
				PRODUCT_NAME = "$(TARGET_NAME)";
				SWIFT_VERSION = 5.0;
				TARGETED_DEVICE_FAMILY = "1,2";
			};
			name = Debug;
		};
		6B0E9DF227524CD000B0E946 /* Release */ = {
			isa = XCBuildConfiguration;
			baseConfigurationReference = 1A822C4E8095734F995873E8 /* Pods-dcinside_iOS.release.xcconfig */;
			buildSettings = {
				ASSETCATALOG_COMPILER_APPICON_NAME = AppIcon;
				ASSETCATALOG_COMPILER_GLOBAL_ACCENT_COLOR_NAME = AccentColor;
				CODE_SIGN_STYLE = Automatic;
				DEVELOPMENT_TEAM = QA36XKL5W8;
				INFOPLIST_FILE = dcinside_iOS/Info.plist;
				LD_RUNPATH_SEARCH_PATHS = (
					"$(inherited)",
					"@executable_path/Frameworks",
				);
				PRODUCT_BUNDLE_IDENTIFIER = "ExodusFromSamsung.dcinside-iOS";
				PRODUCT_NAME = "$(TARGET_NAME)";
				SWIFT_VERSION = 5.0;
				TARGETED_DEVICE_FAMILY = "1,2";
			};
			name = Release;
		};
		6B0E9DF427524CD000B0E946 /* Debug */ = {
			isa = XCBuildConfiguration;
			baseConfigurationReference = 07F4818E22AEF5FCB59D8639 /* Pods-dcinside_iOSTests.debug.xcconfig */;
			buildSettings = {
				ALWAYS_EMBED_SWIFT_STANDARD_LIBRARIES = YES;
				BUNDLE_LOADER = "$(TEST_HOST)";
				CODE_SIGN_STYLE = Automatic;
				INFOPLIST_FILE = dcinside_iOSTests/Info.plist;
				IPHONEOS_DEPLOYMENT_TARGET = 14.5;
				LD_RUNPATH_SEARCH_PATHS = (
					"$(inherited)",
					"@executable_path/Frameworks",
					"@loader_path/Frameworks",
				);
				PRODUCT_BUNDLE_IDENTIFIER = "ExodusFromSamsung.dcinside-iOSTests";
				PRODUCT_NAME = "$(TARGET_NAME)";
				SWIFT_VERSION = 5.0;
				TARGETED_DEVICE_FAMILY = "1,2";
				TEST_HOST = "$(BUILT_PRODUCTS_DIR)/dcinside_iOS.app/dcinside_iOS";
			};
			name = Debug;
		};
		6B0E9DF527524CD000B0E946 /* Release */ = {
			isa = XCBuildConfiguration;
			baseConfigurationReference = 464B12AA14FBC1D9C6367484 /* Pods-dcinside_iOSTests.release.xcconfig */;
			buildSettings = {
				ALWAYS_EMBED_SWIFT_STANDARD_LIBRARIES = YES;
				BUNDLE_LOADER = "$(TEST_HOST)";
				CODE_SIGN_STYLE = Automatic;
				INFOPLIST_FILE = dcinside_iOSTests/Info.plist;
				IPHONEOS_DEPLOYMENT_TARGET = 14.5;
				LD_RUNPATH_SEARCH_PATHS = (
					"$(inherited)",
					"@executable_path/Frameworks",
					"@loader_path/Frameworks",
				);
				PRODUCT_BUNDLE_IDENTIFIER = "ExodusFromSamsung.dcinside-iOSTests";
				PRODUCT_NAME = "$(TARGET_NAME)";
				SWIFT_VERSION = 5.0;
				TARGETED_DEVICE_FAMILY = "1,2";
				TEST_HOST = "$(BUILT_PRODUCTS_DIR)/dcinside_iOS.app/dcinside_iOS";
			};
			name = Release;
		};
		6B0E9DF727524CD000B0E946 /* Debug */ = {
			isa = XCBuildConfiguration;
			baseConfigurationReference = 0E28A9C3B3BF8B539BA6D984 /* Pods-dcinside_iOS-dcinside_iOSUITests.debug.xcconfig */;
			buildSettings = {
				ALWAYS_EMBED_SWIFT_STANDARD_LIBRARIES = YES;
				CODE_SIGN_STYLE = Automatic;
				INFOPLIST_FILE = dcinside_iOSUITests/Info.plist;
				LD_RUNPATH_SEARCH_PATHS = (
					"$(inherited)",
					"@executable_path/Frameworks",
					"@loader_path/Frameworks",
				);
				PRODUCT_BUNDLE_IDENTIFIER = "ExodusFromSamsung.dcinside-iOSUITests";
				PRODUCT_NAME = "$(TARGET_NAME)";
				SWIFT_VERSION = 5.0;
				TARGETED_DEVICE_FAMILY = "1,2";
				TEST_TARGET_NAME = dcinside_iOS;
			};
			name = Debug;
		};
		6B0E9DF827524CD000B0E946 /* Release */ = {
			isa = XCBuildConfiguration;
			baseConfigurationReference = E0BBDFD47D4E714791A6D341 /* Pods-dcinside_iOS-dcinside_iOSUITests.release.xcconfig */;
			buildSettings = {
				ALWAYS_EMBED_SWIFT_STANDARD_LIBRARIES = YES;
				CODE_SIGN_STYLE = Automatic;
				INFOPLIST_FILE = dcinside_iOSUITests/Info.plist;
				LD_RUNPATH_SEARCH_PATHS = (
					"$(inherited)",
					"@executable_path/Frameworks",
					"@loader_path/Frameworks",
				);
				PRODUCT_BUNDLE_IDENTIFIER = "ExodusFromSamsung.dcinside-iOSUITests";
				PRODUCT_NAME = "$(TARGET_NAME)";
				SWIFT_VERSION = 5.0;
				TARGETED_DEVICE_FAMILY = "1,2";
				TEST_TARGET_NAME = dcinside_iOS;
			};
			name = Release;
		};
/* End XCBuildConfiguration section */

/* Begin XCConfigurationList section */
		6B0E9DBE27524CCF00B0E946 /* Build configuration list for PBXProject "dcinside_iOS" */ = {
			isa = XCConfigurationList;
			buildConfigurations = (
				6B0E9DEE27524CD000B0E946 /* Debug */,
				6B0E9DEF27524CD000B0E946 /* Release */,
			);
			defaultConfigurationIsVisible = 0;
			defaultConfigurationName = Release;
		};
		6B0E9DF027524CD000B0E946 /* Build configuration list for PBXNativeTarget "dcinside_iOS" */ = {
			isa = XCConfigurationList;
			buildConfigurations = (
				6B0E9DF127524CD000B0E946 /* Debug */,
				6B0E9DF227524CD000B0E946 /* Release */,
			);
			defaultConfigurationIsVisible = 0;
			defaultConfigurationName = Release;
		};
		6B0E9DF327524CD000B0E946 /* Build configuration list for PBXNativeTarget "dcinside_iOSTests" */ = {
			isa = XCConfigurationList;
			buildConfigurations = (
				6B0E9DF427524CD000B0E946 /* Debug */,
				6B0E9DF527524CD000B0E946 /* Release */,
			);
			defaultConfigurationIsVisible = 0;
			defaultConfigurationName = Release;
		};
		6B0E9DF627524CD000B0E946 /* Build configuration list for PBXNativeTarget "dcinside_iOSUITests" */ = {
			isa = XCConfigurationList;
			buildConfigurations = (
				6B0E9DF727524CD000B0E946 /* Debug */,
				6B0E9DF827524CD000B0E946 /* Release */,
			);
			defaultConfigurationIsVisible = 0;
			defaultConfigurationName = Release;
		};
/* End XCConfigurationList section */

/* Begin XCVersionGroup section */
		6B0E9DCF27524CCF00B0E946 /* dcinside_iOS.xcdatamodeld */ = {
			isa = XCVersionGroup;
			children = (
				6B0E9DD027524CCF00B0E946 /* dcinside_iOS.xcdatamodel */,
			);
			currentVersion = 6B0E9DD027524CCF00B0E946 /* dcinside_iOS.xcdatamodel */;
			path = dcinside_iOS.xcdatamodeld;
			sourceTree = "<group>";
			versionGroupType = wrapper.xcdatamodel;
		};
/* End XCVersionGroup section */
	};
	rootObject = 6B0E9DBB27524CCF00B0E946 /* Project object */;
}
